// !$*UTF8*$!
{
	archiveVersion = 1;
	classes = {
	};
	objectVersion = 46;
	objects = {

/* Begin PBXBuildFile section */
		91A32A0519C035C400D1553C /* Foundation.framework in Frameworks */ = {isa = PBXBuildFile; fileRef = 91A32A0419C035C400D1553C /* Foundation.framework */; };
		91A32A0719C035C400D1553C /* CoreGraphics.framework in Frameworks */ = {isa = PBXBuildFile; fileRef = 91A32A0619C035C400D1553C /* CoreGraphics.framework */; };
		91A32A0919C035C400D1553C /* UIKit.framework in Frameworks */ = {isa = PBXBuildFile; fileRef = 91A32A0819C035C400D1553C /* UIKit.framework */; };
		91A32A0F19C035C400D1553C /* InfoPlist.strings in Resources */ = {isa = PBXBuildFile; fileRef = 91A32A0D19C035C400D1553C /* InfoPlist.strings */; };
		91A32A1119C035C400D1553C /* main.m in Sources */ = {isa = PBXBuildFile; fileRef = 91A32A1019C035C400D1553C /* main.m */; };
		91A32A1519C035C400D1553C /* NGLSAppDelegate.m in Sources */ = {isa = PBXBuildFile; fileRef = 91A32A1419C035C400D1553C /* NGLSAppDelegate.m */; };
		91A32A1819C035C400D1553C /* Main.storyboard in Resources */ = {isa = PBXBuildFile; fileRef = 91A32A1619C035C400D1553C /* Main.storyboard */; };
		91A32A1B19C035C400D1553C /* NGLSViewController.m in Sources */ = {isa = PBXBuildFile; fileRef = 91A32A1A19C035C400D1553C /* NGLSViewController.m */; };
		91A32A1D19C035C400D1553C /* Images.xcassets in Resources */ = {isa = PBXBuildFile; fileRef = 91A32A1C19C035C400D1553C /* Images.xcassets */; };
		91A32A2419C035C400D1553C /* XCTest.framework in Frameworks */ = {isa = PBXBuildFile; fileRef = 91A32A2319C035C400D1553C /* XCTest.framework */; };
		91A32A2519C035C400D1553C /* Foundation.framework in Frameworks */ = {isa = PBXBuildFile; fileRef = 91A32A0419C035C400D1553C /* Foundation.framework */; };
		91A32A2619C035C400D1553C /* UIKit.framework in Frameworks */ = {isa = PBXBuildFile; fileRef = 91A32A0819C035C400D1553C /* UIKit.framework */; };
		91A32A2E19C035C400D1553C /* InfoPlist.strings in Resources */ = {isa = PBXBuildFile; fileRef = 91A32A2C19C035C400D1553C /* InfoPlist.strings */; };
		91A32A3019C035C400D1553C /* NGLSTests.m in Sources */ = {isa = PBXBuildFile; fileRef = 91A32A2F19C035C400D1553C /* NGLSTests.m */; };
/* End PBXBuildFile section */

/* Begin PBXContainerItemProxy section */
		91A32A2719C035C400D1553C /* PBXContainerItemProxy */ = {
			isa = PBXContainerItemProxy;
			containerPortal = 91A329F919C035C400D1553C /* Project object */;
			proxyType = 1;
			remoteGlobalIDString = 91A32A0019C035C400D1553C;
			remoteInfo = NGLS;
		};
/* End PBXContainerItemProxy section */

/* Begin PBXFileReference section */
		91A32A0119C035C400D1553C /* NGLS.app */ = {isa = PBXFileReference; explicitFileType = wrapper.application; includeInIndex = 0; path = NGLS.app; sourceTree = BUILT_PRODUCTS_DIR; };
		91A32A0419C035C400D1553C /* Foundation.framework */ = {isa = PBXFileReference; lastKnownFileType = wrapper.framework; name = Foundation.framework; path = System/Library/Frameworks/Foundation.framework; sourceTree = SDKROOT; };
		91A32A0619C035C400D1553C /* CoreGraphics.framework */ = {isa = PBXFileReference; lastKnownFileType = wrapper.framework; name = CoreGraphics.framework; path = System/Library/Frameworks/CoreGraphics.framework; sourceTree = SDKROOT; };
		91A32A0819C035C400D1553C /* UIKit.framework */ = {isa = PBXFileReference; lastKnownFileType = wrapper.framework; name = UIKit.framework; path = System/Library/Frameworks/UIKit.framework; sourceTree = SDKROOT; };
		91A32A0C19C035C400D1553C /* NGLS-Info.plist */ = {isa = PBXFileReference; lastKnownFileType = text.plist.xml; path = "NGLS-Info.plist"; sourceTree = "<group>"; };
		91A32A0E19C035C400D1553C /* en */ = {isa = PBXFileReference; lastKnownFileType = text.plist.strings; name = en; path = en.lproj/InfoPlist.strings; sourceTree = "<group>"; };
		91A32A1019C035C400D1553C /* main.m */ = {isa = PBXFileReference; lastKnownFileType = sourcecode.c.objc; path = main.m; sourceTree = "<group>"; };
		91A32A1219C035C400D1553C /* NGLS-Prefix.pch */ = {isa = PBXFileReference; lastKnownFileType = sourcecode.c.h; path = "NGLS-Prefix.pch"; sourceTree = "<group>"; };
		91A32A1319C035C400D1553C /* NGLSAppDelegate.h */ = {isa = PBXFileReference; lastKnownFileType = sourcecode.c.h; path = NGLSAppDelegate.h; sourceTree = "<group>"; };
		91A32A1419C035C400D1553C /* NGLSAppDelegate.m */ = {isa = PBXFileReference; lastKnownFileType = sourcecode.c.objc; path = NGLSAppDelegate.m; sourceTree = "<group>"; };
		91A32A1719C035C400D1553C /* Base */ = {isa = PBXFileReference; lastKnownFileType = file.storyboard; name = Base; path = Base.lproj/Main.storyboard; sourceTree = "<group>"; };
		91A32A1919C035C400D1553C /* NGLSViewController.h */ = {isa = PBXFileReference; lastKnownFileType = sourcecode.c.h; path = NGLSViewController.h; sourceTree = "<group>"; };
		91A32A1A19C035C400D1553C /* NGLSViewController.m */ = {isa = PBXFileReference; lastKnownFileType = sourcecode.c.objc; path = NGLSViewController.m; sourceTree = "<group>"; };
		91A32A1C19C035C400D1553C /* Images.xcassets */ = {isa = PBXFileReference; lastKnownFileType = folder.assetcatalog; path = Images.xcassets; sourceTree = "<group>"; };
		91A32A2219C035C400D1553C /* NGLSTests.xctest */ = {isa = PBXFileReference; explicitFileType = wrapper.cfbundle; includeInIndex = 0; path = NGLSTests.xctest; sourceTree = BUILT_PRODUCTS_DIR; };
		91A32A2319C035C400D1553C /* XCTest.framework */ = {isa = PBXFileReference; lastKnownFileType = wrapper.framework; name = XCTest.framework; path = Library/Frameworks/XCTest.framework; sourceTree = DEVELOPER_DIR; };
		91A32A2B19C035C400D1553C /* NGLSTests-Info.plist */ = {isa = PBXFileReference; lastKnownFileType = text.plist.xml; path = "NGLSTests-Info.plist"; sourceTree = "<group>"; };
		91A32A2D19C035C400D1553C /* en */ = {isa = PBXFileReference; lastKnownFileType = text.plist.strings; name = en; path = en.lproj/InfoPlist.strings; sourceTree = "<group>"; };
		91A32A2F19C035C400D1553C /* NGLSTests.m */ = {isa = PBXFileReference; lastKnownFileType = sourcecode.c.objc; path = NGLSTests.m; sourceTree = "<group>"; };
/* End PBXFileReference section */

/* Begin PBXFrameworksBuildPhase section */
		91A329FE19C035C400D1553C /* Frameworks */ = {
			isa = PBXFrameworksBuildPhase;
			buildActionMask = 2147483647;
			files = (
				91A32A0719C035C400D1553C /* CoreGraphics.framework in Frameworks */,
				91A32A0919C035C400D1553C /* UIKit.framework in Frameworks */,
				91A32A0519C035C400D1553C /* Foundation.framework in Frameworks */,
			);
			runOnlyForDeploymentPostprocessing = 0;
		};
		91A32A1F19C035C400D1553C /* Frameworks */ = {
			isa = PBXFrameworksBuildPhase;
			buildActionMask = 2147483647;
			files = (
				91A32A2419C035C400D1553C /* XCTest.framework in Frameworks */,
				91A32A2619C035C400D1553C /* UIKit.framework in Frameworks */,
				91A32A2519C035C400D1553C /* Foundation.framework in Frameworks */,
			);
			runOnlyForDeploymentPostprocessing = 0;
		};
/* End PBXFrameworksBuildPhase section */

/* Begin PBXGroup section */
		91A329F819C035C400D1553C = {
			isa = PBXGroup;
			children = (
				91A32A0A19C035C400D1553C /* NGLS */,
				91A32A2919C035C400D1553C /* NGLSTests */,
				91A32A0319C035C400D1553C /* Frameworks */,
				91A32A0219C035C400D1553C /* Products */,
			);
			sourceTree = "<group>";
		};
		91A32A0219C035C400D1553C /* Products */ = {
			isa = PBXGroup;
			children = (
				91A32A0119C035C400D1553C /* NGLS.app */,
				91A32A2219C035C400D1553C /* NGLSTests.xctest */,
			);
			name = Products;
			sourceTree = "<group>";
		};
		91A32A0319C035C400D1553C /* Frameworks */ = {
			isa = PBXGroup;
			children = (
				91A32A0419C035C400D1553C /* Foundation.framework */,
				91A32A0619C035C400D1553C /* CoreGraphics.framework */,
				91A32A0819C035C400D1553C /* UIKit.framework */,
				91A32A2319C035C400D1553C /* XCTest.framework */,
			);
			name = Frameworks;
			sourceTree = "<group>";
		};
		91A32A0A19C035C400D1553C /* NGLS */ = {
			isa = PBXGroup;
			children = (
				91A32A1319C035C400D1553C /* NGLSAppDelegate.h */,
				91A32A1419C035C400D1553C /* NGLSAppDelegate.m */,
				91A32A1619C035C400D1553C /* Main.storyboard */,
				91A32A1919C035C400D1553C /* NGLSViewController.h */,
				91A32A1A19C035C400D1553C /* NGLSViewController.m */,
				91A32A1C19C035C400D1553C /* Images.xcassets */,
				91A32A0B19C035C400D1553C /* Supporting Files */,
			);
			path = NGLS;
			sourceTree = "<group>";
		};
		91A32A0B19C035C400D1553C /* Supporting Files */ = {
			isa = PBXGroup;
			children = (
				91A32A0C19C035C400D1553C /* NGLS-Info.plist */,
				91A32A0D19C035C400D1553C /* InfoPlist.strings */,
				91A32A1019C035C400D1553C /* main.m */,
				91A32A1219C035C400D1553C /* NGLS-Prefix.pch */,
			);
			name = "Supporting Files";
			sourceTree = "<group>";
		};
		91A32A2919C035C400D1553C /* NGLSTests */ = {
			isa = PBXGroup;
			children = (
				91A32A2F19C035C400D1553C /* NGLSTests.m */,
				91A32A2A19C035C400D1553C /* Supporting Files */,
			);
			path = NGLSTests;
			sourceTree = "<group>";
		};
		91A32A2A19C035C400D1553C /* Supporting Files */ = {
			isa = PBXGroup;
			children = (
				91A32A2B19C035C400D1553C /* NGLSTests-Info.plist */,
				91A32A2C19C035C400D1553C /* InfoPlist.strings */,
			);
			name = "Supporting Files";
			sourceTree = "<group>";
		};
/* End PBXGroup section */

/* Begin PBXNativeTarget section */
		91A32A0019C035C400D1553C /* NGLS */ = {
			isa = PBXNativeTarget;
			buildConfigurationList = 91A32A3319C035C400D1553C /* Build configuration list for PBXNativeTarget "NGLS" */;
			buildPhases = (
				91A329FD19C035C400D1553C /* Sources */,
				91A329FE19C035C400D1553C /* Frameworks */,
				91A329FF19C035C400D1553C /* Resources */,
			);
			buildRules = (
			);
			dependencies = (
			);
			name = NGLS;
			productName = NGLS;
			productReference = 91A32A0119C035C400D1553C /* NGLS.app */;
			productType = "com.apple.product-type.application";
		};
		91A32A2119C035C400D1553C /* NGLSTests */ = {
			isa = PBXNativeTarget;
			buildConfigurationList = 91A32A3619C035C400D1553C /* Build configuration list for PBXNativeTarget "NGLSTests" */;
			buildPhases = (
				91A32A1E19C035C400D1553C /* Sources */,
				91A32A1F19C035C400D1553C /* Frameworks */,
				91A32A2019C035C400D1553C /* Resources */,
			);
			buildRules = (
			);
			dependencies = (
				91A32A2819C035C400D1553C /* PBXTargetDependency */,
			);
			name = NGLSTests;
			productName = NGLSTests;
			productReference = 91A32A2219C035C400D1553C /* NGLSTests.xctest */;
			productType = "com.apple.product-type.bundle.unit-test";
		};
/* End PBXNativeTarget section */

/* Begin PBXProject section */
		91A329F919C035C400D1553C /* Project object */ = {
			isa = PBXProject;
			attributes = {
				CLASSPREFIX = NGLS;
				LastUpgradeCheck = 0510;
				ORGANIZATIONNAME = "Next Generation Legal Services";
				TargetAttributes = {
					91A32A2119C035C400D1553C = {
						TestTargetID = 91A32A0019C035C400D1553C;
					};
				};
			};
			buildConfigurationList = 91A329FC19C035C400D1553C /* Build configuration list for PBXProject "NGLS" */;
			compatibilityVersion = "Xcode 3.2";
			developmentRegion = English;
			hasScannedForEncodings = 0;
			knownRegions = (
				en,
				Base,
			);
			mainGroup = 91A329F819C035C400D1553C;
			productRefGroup = 91A32A0219C035C400D1553C /* Products */;
			projectDirPath = "";
			projectRoot = "";
			targets = (
				91A32A0019C035C400D1553C /* NGLS */,
				91A32A2119C035C400D1553C /* NGLSTests */,
			);
		};
/* End PBXProject section */

/* Begin PBXResourcesBuildPhase section */
		91A329FF19C035C400D1553C /* Resources */ = {
			isa = PBXResourcesBuildPhase;
			buildActionMask = 2147483647;
			files = (
				91A32A1D19C035C400D1553C /* Images.xcassets in Resources */,
				91A32A0F19C035C400D1553C /* InfoPlist.strings in Resources */,
				91A32A1819C035C400D1553C /* Main.storyboard in Resources */,
			);
			runOnlyForDeploymentPostprocessing = 0;
		};
		91A32A2019C035C400D1553C /* Resources */ = {
			isa = PBXResourcesBuildPhase;
			buildActionMask = 2147483647;
			files = (
				91A32A2E19C035C400D1553C /* InfoPlist.strings in Resources */,
			);
			runOnlyForDeploymentPostprocessing = 0;
		};
/* End PBXResourcesBuildPhase section */

/* Begin PBXSourcesBuildPhase section */
		91A329FD19C035C400D1553C /* Sources */ = {
			isa = PBXSourcesBuildPhase;
			buildActionMask = 2147483647;
			files = (
				91A32A1519C035C400D1553C /* NGLSAppDelegate.m in Sources */,
				91A32A1B19C035C400D1553C /* NGLSViewController.m in Sources */,
				91A32A1119C035C400D1553C /* main.m in Sources */,
			);
			runOnlyForDeploymentPostprocessing = 0;
		};
		91A32A1E19C035C400D1553C /* Sources */ = {
			isa = PBXSourcesBuildPhase;
			buildActionMask = 2147483647;
			files = (
				91A32A3019C035C400D1553C /* NGLSTests.m in Sources */,
			);
			runOnlyForDeploymentPostprocessing = 0;
		};
/* End PBXSourcesBuildPhase section */

/* Begin PBXTargetDependency section */
		91A32A2819C035C400D1553C /* PBXTargetDependency */ = {
			isa = PBXTargetDependency;
			target = 91A32A0019C035C400D1553C /* NGLS */;
			targetProxy = 91A32A2719C035C400D1553C /* PBXContainerItemProxy */;
		};
/* End PBXTargetDependency section */

/* Begin PBXVariantGroup section */
		91A32A0D19C035C400D1553C /* InfoPlist.strings */ = {
			isa = PBXVariantGroup;
			children = (
				91A32A0E19C035C400D1553C /* en */,
			);
			name = InfoPlist.strings;
			sourceTree = "<group>";
		};
		91A32A1619C035C400D1553C /* Main.storyboard */ = {
			isa = PBXVariantGroup;
			children = (
				91A32A1719C035C400D1553C /* Base */,
			);
			name = Main.storyboard;
			sourceTree = "<group>";
		};
		91A32A2C19C035C400D1553C /* InfoPlist.strings */ = {
			isa = PBXVariantGroup;
			children = (
				91A32A2D19C035C400D1553C /* en */,
			);
			name = InfoPlist.strings;
			sourceTree = "<group>";
		};
/* End PBXVariantGroup section */

/* Begin XCBuildConfiguration section */
		91A32A3119C035C400D1553C /* Debug */ = {
			isa = XCBuildConfiguration;
			buildSettings = {
				ALWAYS_SEARCH_USER_PATHS = NO;
				CLANG_CXX_LANGUAGE_STANDARD = "gnu++0x";
				CLANG_CXX_LIBRARY = "libc++";
				CLANG_ENABLE_MODULES = YES;
				CLANG_ENABLE_OBJC_ARC = YES;
				CLANG_WARN_BOOL_CONVERSION = YES;
				CLANG_WARN_CONSTANT_CONVERSION = YES;
				CLANG_WARN_DIRECT_OBJC_ISA_USAGE = YES_ERROR;
				CLANG_WARN_EMPTY_BODY = YES;
				CLANG_WARN_ENUM_CONVERSION = YES;
				CLANG_WARN_INT_CONVERSION = YES;
				CLANG_WARN_OBJC_ROOT_CLASS = YES_ERROR;
				CLANG_WARN__DUPLICATE_METHOD_MATCH = YES;
				"CODE_SIGN_IDENTITY[sdk=iphoneos*]" = "iPhone Developer";
				COPY_PHASE_STRIP = NO;
				GCC_C_LANGUAGE_STANDARD = gnu99;
				GCC_DYNAMIC_NO_PIC = NO;
				GCC_OPTIMIZATION_LEVEL = 0;
				GCC_PREPROCESSOR_DEFINITIONS = (
					"DEBUG=1",
					"$(inherited)",
				);
				GCC_SYMBOLS_PRIVATE_EXTERN = NO;
				GCC_WARN_64_TO_32_BIT_CONVERSION = YES;
				GCC_WARN_ABOUT_RETURN_TYPE = YES_ERROR;
				GCC_WARN_UNDECLARED_SELECTOR = YES;
				GCC_WARN_UNINITIALIZED_AUTOS = YES_AGGRESSIVE;
				GCC_WARN_UNUSED_FUNCTION = YES;
				GCC_WARN_UNUSED_VARIABLE = YES;
				IPHONEOS_DEPLOYMENT_TARGET = 7.1;
				ONLY_ACTIVE_ARCH = YES;
				SDKROOT = iphoneos;
				TARGETED_DEVICE_FAMILY = 2;
			};
			name = Debug;
		};
		91A32A3219C035C400D1553C /* Release */ = {
			isa = XCBuildConfiguration;
			buildSettings = {
				ALWAYS_SEARCH_USER_PATHS = NO;
				CLANG_CXX_LANGUAGE_STANDARD = "gnu++0x";
				CLANG_CXX_LIBRARY = "libc++";
				CLANG_ENABLE_MODULES = YES;
				CLANG_ENABLE_OBJC_ARC = YES;
				CLANG_WARN_BOOL_CONVERSION = YES;
				CLANG_WARN_CONSTANT_CONVERSION = YES;
				CLANG_WARN_DIRECT_OBJC_ISA_USAGE = YES_ERROR;
				CLANG_WARN_EMPTY_BODY = YES;
				CLANG_WARN_ENUM_CONVERSION = YES;
				CLANG_WARN_INT_CONVERSION = YES;
				CLANG_WARN_OBJC_ROOT_CLASS = YES_ERROR;
				CLANG_WARN__DUPLICATE_METHOD_MATCH = YES;
				"CODE_SIGN_IDENTITY[sdk=iphoneos*]" = "iPhone Developer";
				COPY_PHASE_STRIP = YES;
				ENABLE_NS_ASSERTIONS = NO;
				GCC_C_LANGUAGE_STANDARD = gnu99;
				GCC_WARN_64_TO_32_BIT_CONVERSION = YES;
				GCC_WARN_ABOUT_RETURN_TYPE = YES_ERROR;
				GCC_WARN_UNDECLARED_SELECTOR = YES;
				GCC_WARN_UNINITIALIZED_AUTOS = YES_AGGRESSIVE;
				GCC_WARN_UNUSED_FUNCTION = YES;
				GCC_WARN_UNUSED_VARIABLE = YES;
				IPHONEOS_DEPLOYMENT_TARGET = 7.1;
				SDKROOT = iphoneos;
				TARGETED_DEVICE_FAMILY = 2;
				VALIDATE_PRODUCT = YES;
			};
			name = Release;
		};
		91A32A3419C035C400D1553C /* Debug */ = {
			isa = XCBuildConfiguration;
			buildSettings = {
				ASSETCATALOG_COMPILER_APPICON_NAME = AppIcon;
				ASSETCATALOG_COMPILER_LAUNCHIMAGE_NAME = LaunchImage;
				GCC_PRECOMPILE_PREFIX_HEADER = YES;
				GCC_PREFIX_HEADER = "NGLS/NGLS-Prefix.pch";
				INFOPLIST_FILE = "NGLS/NGLS-Info.plist";
				PRODUCT_NAME = "$(TARGET_NAME)";
				WRAPPER_EXTENSION = app;
			};
			name = Debug;
		};
		91A32A3519C035C400D1553C /* Release */ = {
			isa = XCBuildConfiguration;
			buildSettings = {
				ASSETCATALOG_COMPILER_APPICON_NAME = AppIcon;
				ASSETCATALOG_COMPILER_LAUNCHIMAGE_NAME = LaunchImage;
				GCC_PRECOMPILE_PREFIX_HEADER = YES;
				GCC_PREFIX_HEADER = "NGLS/NGLS-Prefix.pch";
				INFOPLIST_FILE = "NGLS/NGLS-Info.plist";
				PRODUCT_NAME = "$(TARGET_NAME)";
				WRAPPER_EXTENSION = app;
			};
			name = Release;
		};
		91A32A3719C035C400D1553C /* Debug */ = {
			isa = XCBuildConfiguration;
			buildSettings = {
				BUNDLE_LOADER = "$(BUILT_PRODUCTS_DIR)/NGLS.app/NGLS";
				FRAMEWORK_SEARCH_PATHS = (
					"$(SDKROOT)/Developer/Library/Frameworks",
					"$(inherited)",
					"$(DEVELOPER_FRAMEWORKS_DIR)",
				);
				GCC_PRECOMPILE_PREFIX_HEADER = YES;
				GCC_PREFIX_HEADER = "NGLS/NGLS-Prefix.pch";
				GCC_PREPROCESSOR_DEFINITIONS = (
					"DEBUG=1",
					"$(inherited)",
				);
				INFOPLIST_FILE = "NGLSTests/NGLSTests-Info.plist";
				PRODUCT_NAME = "$(TARGET_NAME)";
				TEST_HOST = "$(BUNDLE_LOADER)";
				WRAPPER_EXTENSION = xctest;
			};
			name = Debug;
		};
		91A32A3819C035C400D1553C /* Release */ = {
			isa = XCBuildConfiguration;
			buildSettings = {
				BUNDLE_LOADER = "$(BUILT_PRODUCTS_DIR)/NGLS.app/NGLS";
				FRAMEWORK_SEARCH_PATHS = (
					"$(SDKROOT)/Developer/Library/Frameworks",
					"$(inherited)",
					"$(DEVELOPER_FRAMEWORKS_DIR)",
				);
				GCC_PRECOMPILE_PREFIX_HEADER = YES;
				GCC_PREFIX_HEADER = "NGLS/NGLS-Prefix.pch";
				INFOPLIST_FILE = "NGLSTests/NGLSTests-Info.plist";
				PRODUCT_NAME = "$(TARGET_NAME)";
				TEST_HOST = "$(BUNDLE_LOADER)";
				WRAPPER_EXTENSION = xctest;
			};
			name = Release;
		};
/* End XCBuildConfiguration section */

/* Begin XCConfigurationList section */
		91A329FC19C035C400D1553C /* Build configuration list for PBXProject "NGLS" */ = {
			isa = XCConfigurationList;
			buildConfigurations = (
				91A32A3119C035C400D1553C /* Debug */,
				91A32A3219C035C400D1553C /* Release */,
			);
			defaultConfigurationIsVisible = 0;
			defaultConfigurationName = Release;
		};
		91A32A3319C035C400D1553C /* Build configuration list for PBXNativeTarget "NGLS" */ = {
			isa = XCConfigurationList;
			buildConfigurations = (
				91A32A3419C035C400D1553C /* Debug */,
				91A32A3519C035C400D1553C /* Release */,
			);
			defaultConfigurationIsVisible = 0;
		};
		91A32A3619C035C400D1553C /* Build configuration list for PBXNativeTarget "NGLSTests" */ = {
			isa = XCConfigurationList;
			buildConfigurations = (
				91A32A3719C035C400D1553C /* Debug */,
				91A32A3819C035C400D1553C /* Release */,
			);
			defaultConfigurationIsVisible = 0;
		};
/* End XCConfigurationList section */
	};
	rootObject = 91A329F919C035C400D1553C /* Project object */;
}
