// !$*UTF8*$!
{
	archiveVersion = 1;
	classes = {
	};
	objectVersion = 46;
	objects = {

/* Begin PBXBuildFile section */
		5483D56219C61F250084BE08 /* INDEmpViewController.m in Sources */ = {isa = PBXBuildFile; fileRef = 5483D56019C61F250084BE08 /* INDEmpViewController.m */; };
		5483D56319C61F250084BE08 /* INDEmpViewController.xib in Resources */ = {isa = PBXBuildFile; fileRef = 5483D56119C61F250084BE08 /* INDEmpViewController.xib */; };
		910DA6B119E6BD150051D608 /* NGLS Logo Final.png in Resources */ = {isa = PBXBuildFile; fileRef = 910DA6B019E6BD150051D608 /* NGLS Logo Final.png */; };
		910DA6B719E6CD820051D608 /* Launch-Screen.png in Resources */ = {isa = PBXBuildFile; fileRef = 910DA6B619E6CD820051D608 /* Launch-Screen.png */; };
		910DA6B919E6CD860051D608 /* Background.png in Resources */ = {isa = PBXBuildFile; fileRef = 910DA6B819E6CD860051D608 /* Background.png */; };
		910DA6DB19ED14580051D608 /* ID Card.png in Resources */ = {isa = PBXBuildFile; fileRef = 910DA6DA19ED14580051D608 /* ID Card.png */; };
		910DA6DE19ED21530051D608 /* DisableTextMenu.m in Sources */ = {isa = PBXBuildFile; fileRef = 910DA6DD19ED21530051D608 /* DisableTextMenu.m */; };
		910DA6E519F142140051D608 /* NumbersOnly.m in Sources */ = {isa = PBXBuildFile; fileRef = 910DA6E419F142140051D608 /* NumbersOnly.m */; };
		910DA6EF19F1537E0051D608 /* Button Long.png in Resources */ = {isa = PBXBuildFile; fileRef = 910DA6EE19F1537E0051D608 /* Button Long.png */; };
		910DA6F419F15AC40051D608 /* Button.png in Resources */ = {isa = PBXBuildFile; fileRef = 910DA6F319F15AC40051D608 /* Button.png */; };
		910DA6FA19F15F860051D608 /* SegmentControl.m in Sources */ = {isa = PBXBuildFile; fileRef = 910DA6F919F15F860051D608 /* SegmentControl.m */; };
		9125BEB41A28C68600AC22E7 /* PPIViewController.m in Sources */ = {isa = PBXBuildFile; fileRef = 9125BEB21A28C68600AC22E7 /* PPIViewController.m */; };
		9125BEB51A28C68600AC22E7 /* PPIViewController.xib in Resources */ = {isa = PBXBuildFile; fileRef = 9125BEB31A28C68600AC22E7 /* PPIViewController.xib */; };
		9125BEBE1A28C7DE00AC22E7 /* MSLMViewController.m in Sources */ = {isa = PBXBuildFile; fileRef = 9125BEBC1A28C7DE00AC22E7 /* MSLMViewController.m */; };
		9125BEBF1A28C7DE00AC22E7 /* MSLMViewController.xib in Resources */ = {isa = PBXBuildFile; fileRef = 9125BEBD1A28C7DE00AC22E7 /* MSLMViewController.xib */; };
		9125BEC31A28CA1100AC22E7 /* PBAViewController.m in Sources */ = {isa = PBXBuildFile; fileRef = 9125BEC11A28CA1100AC22E7 /* PBAViewController.m */; };
		9125BEC41A28CA1100AC22E7 /* PBAViewController.xib in Resources */ = {isa = PBXBuildFile; fileRef = 9125BEC21A28CA1100AC22E7 /* PBAViewController.xib */; };
		9125BEC81A28CB6600AC22E7 /* MSPViewController.m in Sources */ = {isa = PBXBuildFile; fileRef = 9125BEC61A28CB6600AC22E7 /* MSPViewController.m */; };
		9125BEC91A28CB6600AC22E7 /* MSPViewController.xib in Resources */ = {isa = PBXBuildFile; fileRef = 9125BEC71A28CB6600AC22E7 /* MSPViewController.xib */; };
		9125BECD1A28CC6B00AC22E7 /* RCFViewController.m in Sources */ = {isa = PBXBuildFile; fileRef = 9125BECB1A28CC6B00AC22E7 /* RCFViewController.m */; };
		9125BECE1A28CC6B00AC22E7 /* RCFViewController.xib in Resources */ = {isa = PBXBuildFile; fileRef = 9125BECC1A28CC6B00AC22E7 /* RCFViewController.xib */; };
		9125BED21A28CD8800AC22E7 /* WPViewController.m in Sources */ = {isa = PBXBuildFile; fileRef = 9125BED01A28CD8800AC22E7 /* WPViewController.m */; };
		9125BED31A28CD8800AC22E7 /* WPViewController.xib in Resources */ = {isa = PBXBuildFile; fileRef = 9125BED11A28CD8800AC22E7 /* WPViewController.xib */; };
		9125BED71A28CEC500AC22E7 /* CONVViewController.m in Sources */ = {isa = PBXBuildFile; fileRef = 9125BED51A28CEC500AC22E7 /* CONVViewController.m */; };
		9125BED81A28CEC500AC22E7 /* CONVViewController.xib in Resources */ = {isa = PBXBuildFile; fileRef = 9125BED61A28CEC500AC22E7 /* CONVViewController.xib */; };
		91466B641A1F760900165716 /* VWFViewController.m in Sources */ = {isa = PBXBuildFile; fileRef = 91466B621A1F760900165716 /* VWFViewController.m */; };
		91466B651A1F760900165716 /* VWFViewController.xib in Resources */ = {isa = PBXBuildFile; fileRef = 91466B631A1F760900165716 /* VWFViewController.xib */; };
		91466B671A1F86BC00165716 /* QuestionBox.png in Resources */ = {isa = PBXBuildFile; fileRef = 91466B661A1F86BC00165716 /* QuestionBox.png */; };
		91466B6A1A2330A500165716 /* AcceptedCharactersTextView.m in Sources */ = {isa = PBXBuildFile; fileRef = 91466B691A2330A500165716 /* AcceptedCharactersTextView.m */; };
		918D1FDF19F7A11F00FEE5A3 /* PostcodeField.m in Sources */ = {isa = PBXBuildFile; fileRef = 918D1FDE19F7A11F00FEE5A3 /* PostcodeField.m */; };
		918D1FE219F7A3C300FEE5A3 /* PhoneNumber.m in Sources */ = {isa = PBXBuildFile; fileRef = 918D1FE119F7A3C300FEE5A3 /* PhoneNumber.m */; };
		918D1FE619FFF59100FEE5A3 /* LettersOnly.m in Sources */ = {isa = PBXBuildFile; fileRef = 918D1FE519FFF59100FEE5A3 /* LettersOnly.m */; };
		918D1FE91A00DDF100FEE5A3 /* NINumber.m in Sources */ = {isa = PBXBuildFile; fileRef = 918D1FE81A00DDF100FEE5A3 /* NINumber.m */; };
		918D1FEC1A08D05800FEE5A3 /* EmaiField.m in Sources */ = {isa = PBXBuildFile; fileRef = 918D1FEB1A08D05800FEE5A3 /* EmaiField.m */; };
		91A32A0519C035C400D1553C /* Foundation.framework in Frameworks */ = {isa = PBXBuildFile; fileRef = 91A32A0419C035C400D1553C /* Foundation.framework */; };
		91A32A0719C035C400D1553C /* CoreGraphics.framework in Frameworks */ = {isa = PBXBuildFile; fileRef = 91A32A0619C035C400D1553C /* CoreGraphics.framework */; };
		91A32A0919C035C400D1553C /* UIKit.framework in Frameworks */ = {isa = PBXBuildFile; fileRef = 91A32A0819C035C400D1553C /* UIKit.framework */; };
		91A32A0F19C035C400D1553C /* InfoPlist.strings in Resources */ = {isa = PBXBuildFile; fileRef = 91A32A0D19C035C400D1553C /* InfoPlist.strings */; };
		91A32A1119C035C400D1553C /* main.m in Sources */ = {isa = PBXBuildFile; fileRef = 91A32A1019C035C400D1553C /* main.m */; };
		91A32A1519C035C400D1553C /* NGLSAppDelegate.m in Sources */ = {isa = PBXBuildFile; fileRef = 91A32A1419C035C400D1553C /* NGLSAppDelegate.m */; };
		91A32A1819C035C400D1553C /* Main.storyboard in Resources */ = {isa = PBXBuildFile; fileRef = 91A32A1619C035C400D1553C /* Main.storyboard */; };
		91A32A1B19C035C400D1553C /* NGLSViewController.m in Sources */ = {isa = PBXBuildFile; fileRef = 91A32A1A19C035C400D1553C /* NGLSViewController.m */; };
		91A32A1D19C035C400D1553C /* Images.xcassets in Resources */ = {isa = PBXBuildFile; fileRef = 91A32A1C19C035C400D1553C /* Images.xcassets */; };
		91A32A2419C035C400D1553C /* XCTest.framework in Frameworks */ = {isa = PBXBuildFile; fileRef = 91A32A2319C035C400D1553C /* XCTest.framework */; };
		91A32A2519C035C400D1553C /* Foundation.framework in Frameworks */ = {isa = PBXBuildFile; fileRef = 91A32A0419C035C400D1553C /* Foundation.framework */; };
		91A32A2619C035C400D1553C /* UIKit.framework in Frameworks */ = {isa = PBXBuildFile; fileRef = 91A32A0819C035C400D1553C /* UIKit.framework */; };
		91A32A2E19C035C400D1553C /* InfoPlist.strings in Resources */ = {isa = PBXBuildFile; fileRef = 91A32A2C19C035C400D1553C /* InfoPlist.strings */; };
		91A32A3019C035C400D1553C /* NGLSTests.m in Sources */ = {isa = PBXBuildFile; fileRef = 91A32A2F19C035C400D1553C /* NGLSTests.m */; };
		91A32A3A19C0362700D1553C /* CoreData.framework in Frameworks */ = {isa = PBXBuildFile; fileRef = 91A32A3919C0362700D1553C /* CoreData.framework */; };
		91A32A4219C0377500D1553C /* Model.xcdatamodeld in Sources */ = {isa = PBXBuildFile; fileRef = 91A32A4019C0377500D1553C /* Model.xcdatamodeld */; };
		91A32A4B19C04C0700D1553C /* Model.m in Sources */ = {isa = PBXBuildFile; fileRef = 91A32A4A19C04C0700D1553C /* Model.m */; };
		91A32A4E19C04E8E00D1553C /* CHCSVParser.m in Sources */ = {isa = PBXBuildFile; fileRef = 91A32A4D19C04E8E00D1553C /* CHCSVParser.m */; };
		91A32A5219C04F3400D1553C /* ClientViewController.m in Sources */ = {isa = PBXBuildFile; fileRef = 91A32A5019C04F3400D1553C /* ClientViewController.m */; };
		91A32A5319C04F3400D1553C /* ClientViewController.xib in Resources */ = {isa = PBXBuildFile; fileRef = 91A32A5119C04F3400D1553C /* ClientViewController.xib */; };
		91B07FAA19F667D500D633FA /* AcceptedCharacters.m in Sources */ = {isa = PBXBuildFile; fileRef = 91B07FA919F667D500D633FA /* AcceptedCharacters.m */; };
		91C8F27219C1A59900318FB8 /* INDViewController.m in Sources */ = {isa = PBXBuildFile; fileRef = 91C8F27019C1A59900318FB8 /* INDViewController.m */; };
		91C8F27319C1A59900318FB8 /* INDViewController.xib in Resources */ = {isa = PBXBuildFile; fileRef = 91C8F27119C1A59900318FB8 /* INDViewController.xib */; };
		91C8F27719C1E58A00318FB8 /* ServicesViewController.m in Sources */ = {isa = PBXBuildFile; fileRef = 91C8F27519C1E58A00318FB8 /* ServicesViewController.m */; };
		91C8F27819C1E58A00318FB8 /* ServicesViewController.xib in Resources */ = {isa = PBXBuildFile; fileRef = 91C8F27619C1E58A00318FB8 /* ServicesViewController.xib */; };
		91CBFA961A233D7F00F51CAF /* ASBViewController.m in Sources */ = {isa = PBXBuildFile; fileRef = 91CBFA941A233D7F00F51CAF /* ASBViewController.m */; };
		91CBFA971A233D7F00F51CAF /* ASBViewController.xib in Resources */ = {isa = PBXBuildFile; fileRef = 91CBFA951A233D7F00F51CAF /* ASBViewController.xib */; };
		91CBFA9B1A23456E00F51CAF /* AAWViewController.m in Sources */ = {isa = PBXBuildFile; fileRef = 91CBFA991A23456E00F51CAF /* AAWViewController.m */; };
		91CBFA9C1A23456E00F51CAF /* AAWViewController.xib in Resources */ = {isa = PBXBuildFile; fileRef = 91CBFA9A1A23456E00F51CAF /* AAWViewController.xib */; };
		91CBFAA11A2349EB00F51CAF /* RTAViewController.m in Sources */ = {isa = PBXBuildFile; fileRef = 91CBFA9F1A2349EB00F51CAF /* RTAViewController.m */; };
		91CBFAA21A2349EB00F51CAF /* RTAViewController.xib in Resources */ = {isa = PBXBuildFile; fileRef = 91CBFAA01A2349EB00F51CAF /* RTAViewController.xib */; };
		91CBFAA61A234C9C00F51CAF /* BPViewController.m in Sources */ = {isa = PBXBuildFile; fileRef = 91CBFAA41A234C9C00F51CAF /* BPViewController.m */; };
		91CBFAA71A234C9C00F51CAF /* BPViewController.xib in Resources */ = {isa = PBXBuildFile; fileRef = 91CBFAA51A234C9C00F51CAF /* BPViewController.xib */; };
		91FABB5C19C2EA9F0098C340 /* AdminViewController.m in Sources */ = {isa = PBXBuildFile; fileRef = 91FABB5A19C2EA9F0098C340 /* AdminViewController.m */; };
		91FABB5D19C2EA9F0098C340 /* AdminViewController.xib in Resources */ = {isa = PBXBuildFile; fileRef = 91FABB5B19C2EA9F0098C340 /* AdminViewController.xib */; };
/* End PBXBuildFile section */

/* Begin PBXContainerItemProxy section */
		91A32A2719C035C400D1553C /* PBXContainerItemProxy */ = {
			isa = PBXContainerItemProxy;
			containerPortal = 91A329F919C035C400D1553C /* Project object */;
			proxyType = 1;
			remoteGlobalIDString = 91A32A0019C035C400D1553C;
			remoteInfo = NGLS;
		};
/* End PBXContainerItemProxy section */

/* Begin PBXFileReference section */
		5483D55F19C61F250084BE08 /* INDEmpViewController.h */ = {isa = PBXFileReference; fileEncoding = 4; lastKnownFileType = sourcecode.c.h; path = INDEmpViewController.h; sourceTree = "<group>"; };
		5483D56019C61F250084BE08 /* INDEmpViewController.m */ = {isa = PBXFileReference; fileEncoding = 4; lastKnownFileType = sourcecode.c.objc; path = INDEmpViewController.m; sourceTree = "<group>"; };
		5483D56119C61F250084BE08 /* INDEmpViewController.xib */ = {isa = PBXFileReference; fileEncoding = 4; lastKnownFileType = file.xib; path = INDEmpViewController.xib; sourceTree = "<group>"; };
		910DA6B019E6BD150051D608 /* NGLS Logo Final.png */ = {isa = PBXFileReference; lastKnownFileType = image.png; path = "NGLS Logo Final.png"; sourceTree = "<group>"; };
		910DA6B619E6CD820051D608 /* Launch-Screen.png */ = {isa = PBXFileReference; lastKnownFileType = image.png; path = "Launch-Screen.png"; sourceTree = "<group>"; };
		910DA6B819E6CD860051D608 /* Background.png */ = {isa = PBXFileReference; lastKnownFileType = image.png; path = Background.png; sourceTree = "<group>"; };
		910DA6DA19ED14580051D608 /* ID Card.png */ = {isa = PBXFileReference; lastKnownFileType = image.png; path = "ID Card.png"; sourceTree = "<group>"; };
		910DA6DC19ED21530051D608 /* DisableTextMenu.h */ = {isa = PBXFileReference; fileEncoding = 4; lastKnownFileType = sourcecode.c.h; path = DisableTextMenu.h; sourceTree = "<group>"; };
		910DA6DD19ED21530051D608 /* DisableTextMenu.m */ = {isa = PBXFileReference; fileEncoding = 4; lastKnownFileType = sourcecode.c.objc; path = DisableTextMenu.m; sourceTree = "<group>"; };
		910DA6E319F142140051D608 /* NumbersOnly.h */ = {isa = PBXFileReference; fileEncoding = 4; lastKnownFileType = sourcecode.c.h; path = NumbersOnly.h; sourceTree = "<group>"; };
		910DA6E419F142140051D608 /* NumbersOnly.m */ = {isa = PBXFileReference; fileEncoding = 4; lastKnownFileType = sourcecode.c.objc; path = NumbersOnly.m; sourceTree = "<group>"; };
		910DA6EE19F1537E0051D608 /* Button Long.png */ = {isa = PBXFileReference; lastKnownFileType = image.png; path = "Button Long.png"; sourceTree = "<group>"; };
		910DA6F319F15AC40051D608 /* Button.png */ = {isa = PBXFileReference; lastKnownFileType = image.png; path = Button.png; sourceTree = "<group>"; };
		910DA6F819F15F860051D608 /* SegmentControl.h */ = {isa = PBXFileReference; fileEncoding = 4; lastKnownFileType = sourcecode.c.h; path = SegmentControl.h; sourceTree = "<group>"; };
		910DA6F919F15F860051D608 /* SegmentControl.m */ = {isa = PBXFileReference; fileEncoding = 4; lastKnownFileType = sourcecode.c.objc; path = SegmentControl.m; sourceTree = "<group>"; };
		9125BEB11A28C68600AC22E7 /* PPIViewController.h */ = {isa = PBXFileReference; fileEncoding = 4; lastKnownFileType = sourcecode.c.h; name = PPIViewController.h; path = "Services/Financial Mis-selling/PPI/PPI Questionnaire/PPIViewController.h"; sourceTree = SOURCE_ROOT; };
		9125BEB21A28C68600AC22E7 /* PPIViewController.m */ = {isa = PBXFileReference; fileEncoding = 4; lastKnownFileType = sourcecode.c.objc; name = PPIViewController.m; path = "Services/Financial Mis-selling/PPI/PPI Questionnaire/PPIViewController.m"; sourceTree = SOURCE_ROOT; };
		9125BEB31A28C68600AC22E7 /* PPIViewController.xib */ = {isa = PBXFileReference; fileEncoding = 4; lastKnownFileType = file.xib; name = PPIViewController.xib; path = "Services/Financial Mis-selling/PPI/PPI Questionnaire/PPIViewController.xib"; sourceTree = SOURCE_ROOT; };
		9125BEBB1A28C7DE00AC22E7 /* MSLMViewController.h */ = {isa = PBXFileReference; fileEncoding = 4; lastKnownFileType = sourcecode.c.h; name = MSLMViewController.h; path = "Services/Financial Mis-selling/Mis-sold Loans & Mortgages/MSLM Questionnaire/MSLMViewController.h"; sourceTree = SOURCE_ROOT; };
		9125BEBC1A28C7DE00AC22E7 /* MSLMViewController.m */ = {isa = PBXFileReference; fileEncoding = 4; lastKnownFileType = sourcecode.c.objc; name = MSLMViewController.m; path = "Services/Financial Mis-selling/Mis-sold Loans & Mortgages/MSLM Questionnaire/MSLMViewController.m"; sourceTree = SOURCE_ROOT; };
		9125BEBD1A28C7DE00AC22E7 /* MSLMViewController.xib */ = {isa = PBXFileReference; fileEncoding = 4; lastKnownFileType = file.xib; name = MSLMViewController.xib; path = "Services/Financial Mis-selling/Mis-sold Loans & Mortgages/MSLM Questionnaire/MSLMViewController.xib"; sourceTree = SOURCE_ROOT; };
		9125BEC01A28CA1100AC22E7 /* PBAViewController.h */ = {isa = PBXFileReference; fileEncoding = 4; lastKnownFileType = sourcecode.c.h; name = PBAViewController.h; path = "Services/Financial Mis-selling/Packaged Bank Accounts/PBA Questionnaire/PBAViewController.h"; sourceTree = SOURCE_ROOT; };
		9125BEC11A28CA1100AC22E7 /* PBAViewController.m */ = {isa = PBXFileReference; fileEncoding = 4; lastKnownFileType = sourcecode.c.objc; name = PBAViewController.m; path = "Services/Financial Mis-selling/Packaged Bank Accounts/PBA Questionnaire/PBAViewController.m"; sourceTree = SOURCE_ROOT; };
		9125BEC21A28CA1100AC22E7 /* PBAViewController.xib */ = {isa = PBXFileReference; fileEncoding = 4; lastKnownFileType = file.xib; name = PBAViewController.xib; path = "Services/Financial Mis-selling/Packaged Bank Accounts/PBA Questionnaire/PBAViewController.xib"; sourceTree = SOURCE_ROOT; };
		9125BEC51A28CB6600AC22E7 /* MSPViewController.h */ = {isa = PBXFileReference; fileEncoding = 4; lastKnownFileType = sourcecode.c.h; name = MSPViewController.h; path = "Services/Financial Mis-selling/Mid-sold Pension/MSP Questionnaire/MSPViewController.h"; sourceTree = SOURCE_ROOT; };
		9125BEC61A28CB6600AC22E7 /* MSPViewController.m */ = {isa = PBXFileReference; fileEncoding = 4; lastKnownFileType = sourcecode.c.objc; name = MSPViewController.m; path = "Services/Financial Mis-selling/Mid-sold Pension/MSP Questionnaire/MSPViewController.m"; sourceTree = SOURCE_ROOT; };
		9125BEC71A28CB6600AC22E7 /* MSPViewController.xib */ = {isa = PBXFileReference; fileEncoding = 4; lastKnownFileType = file.xib; name = MSPViewController.xib; path = "Services/Financial Mis-selling/Mid-sold Pension/MSP Questionnaire/MSPViewController.xib"; sourceTree = SOURCE_ROOT; };
		9125BECA1A28CC6B00AC22E7 /* RCFViewController.h */ = {isa = PBXFileReference; fileEncoding = 4; lastKnownFileType = sourcecode.c.h; name = RCFViewController.h; path = "Services/Financial Mis-selling/Reclaim Care Fees/RCF Questionnaire/RCFViewController.h"; sourceTree = SOURCE_ROOT; };
		9125BECB1A28CC6B00AC22E7 /* RCFViewController.m */ = {isa = PBXFileReference; fileEncoding = 4; lastKnownFileType = sourcecode.c.objc; name = RCFViewController.m; path = "Services/Financial Mis-selling/Reclaim Care Fees/RCF Questionnaire/RCFViewController.m"; sourceTree = SOURCE_ROOT; };
		9125BECC1A28CC6B00AC22E7 /* RCFViewController.xib */ = {isa = PBXFileReference; fileEncoding = 4; lastKnownFileType = file.xib; name = RCFViewController.xib; path = "Services/Financial Mis-selling/Reclaim Care Fees/RCF Questionnaire/RCFViewController.xib"; sourceTree = SOURCE_ROOT; };
		9125BECF1A28CD8800AC22E7 /* WPViewController.h */ = {isa = PBXFileReference; fileEncoding = 4; lastKnownFileType = sourcecode.c.h; path = WPViewController.h; sourceTree = "<group>"; };
		9125BED01A28CD8800AC22E7 /* WPViewController.m */ = {isa = PBXFileReference; fileEncoding = 4; lastKnownFileType = sourcecode.c.objc; path = WPViewController.m; sourceTree = "<group>"; };
		9125BED11A28CD8800AC22E7 /* WPViewController.xib */ = {isa = PBXFileReference; fileEncoding = 4; lastKnownFileType = file.xib; path = WPViewController.xib; sourceTree = "<group>"; };
		9125BED41A28CEC500AC22E7 /* CONVViewController.h */ = {isa = PBXFileReference; fileEncoding = 4; lastKnownFileType = sourcecode.c.h; path = CONVViewController.h; sourceTree = "<group>"; };
		9125BED51A28CEC500AC22E7 /* CONVViewController.m */ = {isa = PBXFileReference; fileEncoding = 4; lastKnownFileType = sourcecode.c.objc; path = CONVViewController.m; sourceTree = "<group>"; };
		9125BED61A28CEC500AC22E7 /* CONVViewController.xib */ = {isa = PBXFileReference; fileEncoding = 4; lastKnownFileType = file.xib; path = CONVViewController.xib; sourceTree = "<group>"; };
		91466B611A1F760900165716 /* VWFViewController.h */ = {isa = PBXFileReference; fileEncoding = 4; lastKnownFileType = sourcecode.c.h; name = VWFViewController.h; path = "Services/Accident - Work Claims/Vibration White Finger/VWF Questionnaire/VWFViewController.h"; sourceTree = SOURCE_ROOT; };
		91466B621A1F760900165716 /* VWFViewController.m */ = {isa = PBXFileReference; fileEncoding = 4; lastKnownFileType = sourcecode.c.objc; name = VWFViewController.m; path = "Services/Accident - Work Claims/Vibration White Finger/VWF Questionnaire/VWFViewController.m"; sourceTree = SOURCE_ROOT; };
		91466B631A1F760900165716 /* VWFViewController.xib */ = {isa = PBXFileReference; fileEncoding = 4; lastKnownFileType = file.xib; name = VWFViewController.xib; path = "Services/Accident - Work Claims/Vibration White Finger/VWF Questionnaire/VWFViewController.xib"; sourceTree = SOURCE_ROOT; };
		91466B661A1F86BC00165716 /* QuestionBox.png */ = {isa = PBXFileReference; lastKnownFileType = image.png; path = QuestionBox.png; sourceTree = "<group>"; };
		91466B681A2330A500165716 /* AcceptedCharactersTextView.h */ = {isa = PBXFileReference; fileEncoding = 4; lastKnownFileType = sourcecode.c.h; path = AcceptedCharactersTextView.h; sourceTree = "<group>"; };
		91466B691A2330A500165716 /* AcceptedCharactersTextView.m */ = {isa = PBXFileReference; fileEncoding = 4; lastKnownFileType = sourcecode.c.objc; path = AcceptedCharactersTextView.m; sourceTree = "<group>"; };
		918D1FDD19F7A11F00FEE5A3 /* PostcodeField.h */ = {isa = PBXFileReference; fileEncoding = 4; lastKnownFileType = sourcecode.c.h; path = PostcodeField.h; sourceTree = "<group>"; };
		918D1FDE19F7A11F00FEE5A3 /* PostcodeField.m */ = {isa = PBXFileReference; fileEncoding = 4; lastKnownFileType = sourcecode.c.objc; path = PostcodeField.m; sourceTree = "<group>"; };
		918D1FE019F7A3C300FEE5A3 /* PhoneNumber.h */ = {isa = PBXFileReference; fileEncoding = 4; lastKnownFileType = sourcecode.c.h; path = PhoneNumber.h; sourceTree = "<group>"; };
		918D1FE119F7A3C300FEE5A3 /* PhoneNumber.m */ = {isa = PBXFileReference; fileEncoding = 4; lastKnownFileType = sourcecode.c.objc; path = PhoneNumber.m; sourceTree = "<group>"; };
		918D1FE419FFF59100FEE5A3 /* LettersOnly.h */ = {isa = PBXFileReference; fileEncoding = 4; lastKnownFileType = sourcecode.c.h; path = LettersOnly.h; sourceTree = "<group>"; };
		918D1FE519FFF59100FEE5A3 /* LettersOnly.m */ = {isa = PBXFileReference; fileEncoding = 4; lastKnownFileType = sourcecode.c.objc; path = LettersOnly.m; sourceTree = "<group>"; };
		918D1FE71A00DDF100FEE5A3 /* NINumber.h */ = {isa = PBXFileReference; fileEncoding = 4; lastKnownFileType = sourcecode.c.h; path = NINumber.h; sourceTree = "<group>"; };
		918D1FE81A00DDF100FEE5A3 /* NINumber.m */ = {isa = PBXFileReference; fileEncoding = 4; lastKnownFileType = sourcecode.c.objc; path = NINumber.m; sourceTree = "<group>"; };
		918D1FEA1A08D05800FEE5A3 /* EmaiField.h */ = {isa = PBXFileReference; fileEncoding = 4; lastKnownFileType = sourcecode.c.h; path = EmaiField.h; sourceTree = "<group>"; };
		918D1FEB1A08D05800FEE5A3 /* EmaiField.m */ = {isa = PBXFileReference; fileEncoding = 4; lastKnownFileType = sourcecode.c.objc; path = EmaiField.m; sourceTree = "<group>"; };
		91A32A0119C035C400D1553C /* NGLS.app */ = {isa = PBXFileReference; explicitFileType = wrapper.application; includeInIndex = 0; path = NGLS.app; sourceTree = BUILT_PRODUCTS_DIR; };
		91A32A0419C035C400D1553C /* Foundation.framework */ = {isa = PBXFileReference; lastKnownFileType = wrapper.framework; name = Foundation.framework; path = System/Library/Frameworks/Foundation.framework; sourceTree = SDKROOT; };
		91A32A0619C035C400D1553C /* CoreGraphics.framework */ = {isa = PBXFileReference; lastKnownFileType = wrapper.framework; name = CoreGraphics.framework; path = System/Library/Frameworks/CoreGraphics.framework; sourceTree = SDKROOT; };
		91A32A0819C035C400D1553C /* UIKit.framework */ = {isa = PBXFileReference; lastKnownFileType = wrapper.framework; name = UIKit.framework; path = System/Library/Frameworks/UIKit.framework; sourceTree = SDKROOT; };
		91A32A0C19C035C400D1553C /* NGLS-Info.plist */ = {isa = PBXFileReference; lastKnownFileType = text.plist.xml; path = "NGLS-Info.plist"; sourceTree = "<group>"; };
		91A32A0E19C035C400D1553C /* en */ = {isa = PBXFileReference; lastKnownFileType = text.plist.strings; name = en; path = en.lproj/InfoPlist.strings; sourceTree = "<group>"; };
		91A32A1019C035C400D1553C /* main.m */ = {isa = PBXFileReference; lastKnownFileType = sourcecode.c.objc; path = main.m; sourceTree = "<group>"; };
		91A32A1219C035C400D1553C /* NGLS-Prefix.pch */ = {isa = PBXFileReference; lastKnownFileType = sourcecode.c.h; path = "NGLS-Prefix.pch"; sourceTree = "<group>"; };
		91A32A1319C035C400D1553C /* NGLSAppDelegate.h */ = {isa = PBXFileReference; lastKnownFileType = sourcecode.c.h; path = NGLSAppDelegate.h; sourceTree = "<group>"; };
		91A32A1419C035C400D1553C /* NGLSAppDelegate.m */ = {isa = PBXFileReference; lastKnownFileType = sourcecode.c.objc; path = NGLSAppDelegate.m; sourceTree = "<group>"; };
		91A32A1719C035C400D1553C /* Base */ = {isa = PBXFileReference; lastKnownFileType = file.storyboard; name = Base; path = Base.lproj/Main.storyboard; sourceTree = "<group>"; };
		91A32A1919C035C400D1553C /* NGLSViewController.h */ = {isa = PBXFileReference; lastKnownFileType = sourcecode.c.h; path = NGLSViewController.h; sourceTree = "<group>"; };
		91A32A1A19C035C400D1553C /* NGLSViewController.m */ = {isa = PBXFileReference; lastKnownFileType = sourcecode.c.objc; path = NGLSViewController.m; sourceTree = "<group>"; };
		91A32A1C19C035C400D1553C /* Images.xcassets */ = {isa = PBXFileReference; lastKnownFileType = folder.assetcatalog; path = Images.xcassets; sourceTree = "<group>"; };
		91A32A2219C035C400D1553C /* NGLSTests.xctest */ = {isa = PBXFileReference; explicitFileType = wrapper.cfbundle; includeInIndex = 0; path = NGLSTests.xctest; sourceTree = BUILT_PRODUCTS_DIR; };
		91A32A2319C035C400D1553C /* XCTest.framework */ = {isa = PBXFileReference; lastKnownFileType = wrapper.framework; name = XCTest.framework; path = Library/Frameworks/XCTest.framework; sourceTree = DEVELOPER_DIR; };
		91A32A2B19C035C400D1553C /* NGLSTests-Info.plist */ = {isa = PBXFileReference; lastKnownFileType = text.plist.xml; path = "NGLSTests-Info.plist"; sourceTree = "<group>"; };
		91A32A2D19C035C400D1553C /* en */ = {isa = PBXFileReference; lastKnownFileType = text.plist.strings; name = en; path = en.lproj/InfoPlist.strings; sourceTree = "<group>"; };
		91A32A2F19C035C400D1553C /* NGLSTests.m */ = {isa = PBXFileReference; lastKnownFileType = sourcecode.c.objc; path = NGLSTests.m; sourceTree = "<group>"; };
		91A32A3919C0362700D1553C /* CoreData.framework */ = {isa = PBXFileReference; lastKnownFileType = wrapper.framework; name = CoreData.framework; path = System/Library/Frameworks/CoreData.framework; sourceTree = SDKROOT; };
		91A32A4119C0377500D1553C /* Model.xcdatamodel */ = {isa = PBXFileReference; lastKnownFileType = wrapper.xcdatamodel; path = Model.xcdatamodel; sourceTree = "<group>"; };
		91A32A4919C04C0700D1553C /* Model.h */ = {isa = PBXFileReference; fileEncoding = 4; lastKnownFileType = sourcecode.c.h; name = Model.h; path = Model/Model.h; sourceTree = "<group>"; };
		91A32A4A19C04C0700D1553C /* Model.m */ = {isa = PBXFileReference; fileEncoding = 4; lastKnownFileType = sourcecode.c.objc; name = Model.m; path = Model/Model.m; sourceTree = "<group>"; };
		91A32A4C19C04E8E00D1553C /* CHCSVParser.h */ = {isa = PBXFileReference; fileEncoding = 4; lastKnownFileType = sourcecode.c.h; path = CHCSVParser.h; sourceTree = "<group>"; };
		91A32A4D19C04E8E00D1553C /* CHCSVParser.m */ = {isa = PBXFileReference; fileEncoding = 4; lastKnownFileType = sourcecode.c.objc; path = CHCSVParser.m; sourceTree = "<group>"; };
		91A32A4F19C04F3400D1553C /* ClientViewController.h */ = {isa = PBXFileReference; fileEncoding = 4; lastKnownFileType = sourcecode.c.h; path = ClientViewController.h; sourceTree = "<group>"; };
		91A32A5019C04F3400D1553C /* ClientViewController.m */ = {isa = PBXFileReference; fileEncoding = 4; lastKnownFileType = sourcecode.c.objc; path = ClientViewController.m; sourceTree = "<group>"; };
		91A32A5119C04F3400D1553C /* ClientViewController.xib */ = {isa = PBXFileReference; fileEncoding = 4; lastKnownFileType = file.xib; path = ClientViewController.xib; sourceTree = "<group>"; };
		91B07FA819F667D500D633FA /* AcceptedCharacters.h */ = {isa = PBXFileReference; fileEncoding = 4; lastKnownFileType = sourcecode.c.h; path = AcceptedCharacters.h; sourceTree = "<group>"; };
		91B07FA919F667D500D633FA /* AcceptedCharacters.m */ = {isa = PBXFileReference; fileEncoding = 4; lastKnownFileType = sourcecode.c.objc; path = AcceptedCharacters.m; sourceTree = "<group>"; };
		91C8F26F19C1A59900318FB8 /* INDViewController.h */ = {isa = PBXFileReference; fileEncoding = 4; lastKnownFileType = sourcecode.c.h; path = INDViewController.h; sourceTree = "<group>"; };
		91C8F27019C1A59900318FB8 /* INDViewController.m */ = {isa = PBXFileReference; fileEncoding = 4; lastKnownFileType = sourcecode.c.objc; path = INDViewController.m; sourceTree = "<group>"; };
		91C8F27119C1A59900318FB8 /* INDViewController.xib */ = {isa = PBXFileReference; fileEncoding = 4; lastKnownFileType = file.xib; path = INDViewController.xib; sourceTree = "<group>"; };
		91C8F27419C1E58A00318FB8 /* ServicesViewController.h */ = {isa = PBXFileReference; fileEncoding = 4; lastKnownFileType = sourcecode.c.h; path = ServicesViewController.h; sourceTree = "<group>"; };
		91C8F27519C1E58A00318FB8 /* ServicesViewController.m */ = {isa = PBXFileReference; fileEncoding = 4; lastKnownFileType = sourcecode.c.objc; path = ServicesViewController.m; sourceTree = "<group>"; };
		91C8F27619C1E58A00318FB8 /* ServicesViewController.xib */ = {isa = PBXFileReference; fileEncoding = 4; lastKnownFileType = file.xib; path = ServicesViewController.xib; sourceTree = "<group>"; };
		91CBFA931A233D7F00F51CAF /* ASBViewController.h */ = {isa = PBXFileReference; fileEncoding = 4; lastKnownFileType = sourcecode.c.h; name = ASBViewController.h; path = "Services/Accident - Work Claims/Asbestosis/ASB Questionnaire/ASBViewController.h"; sourceTree = SOURCE_ROOT; };
		91CBFA941A233D7F00F51CAF /* ASBViewController.m */ = {isa = PBXFileReference; fileEncoding = 4; lastKnownFileType = sourcecode.c.objc; name = ASBViewController.m; path = "Services/Accident - Work Claims/Asbestosis/ASB Questionnaire/ASBViewController.m"; sourceTree = SOURCE_ROOT; };
		91CBFA951A233D7F00F51CAF /* ASBViewController.xib */ = {isa = PBXFileReference; fileEncoding = 4; lastKnownFileType = file.xib; name = ASBViewController.xib; path = "Services/Accident - Work Claims/Asbestosis/ASB Questionnaire/ASBViewController.xib"; sourceTree = SOURCE_ROOT; };
		91CBFA981A23456E00F51CAF /* AAWViewController.h */ = {isa = PBXFileReference; fileEncoding = 4; lastKnownFileType = sourcecode.c.h; name = AAWViewController.h; path = "Services/Accident - Work Claims/Accident At Work/AAW Questionnaire/AAWViewController.h"; sourceTree = SOURCE_ROOT; };
		91CBFA991A23456E00F51CAF /* AAWViewController.m */ = {isa = PBXFileReference; fileEncoding = 4; lastKnownFileType = sourcecode.c.objc; name = AAWViewController.m; path = "Services/Accident - Work Claims/Accident At Work/AAW Questionnaire/AAWViewController.m"; sourceTree = SOURCE_ROOT; };
		91CBFA9A1A23456E00F51CAF /* AAWViewController.xib */ = {isa = PBXFileReference; fileEncoding = 4; lastKnownFileType = file.xib; name = AAWViewController.xib; path = "Services/Accident - Work Claims/Accident At Work/AAW Questionnaire/AAWViewController.xib"; sourceTree = SOURCE_ROOT; };
		91CBFA9E1A2349EB00F51CAF /* RTAViewController.h */ = {isa = PBXFileReference; fileEncoding = 4; lastKnownFileType = sourcecode.c.h; name = RTAViewController.h; path = "Services/Accident - Work Claims/Road Traffic Accident/RTA Questionnaire/RTAViewController.h"; sourceTree = SOURCE_ROOT; };
		91CBFA9F1A2349EB00F51CAF /* RTAViewController.m */ = {isa = PBXFileReference; fileEncoding = 4; lastKnownFileType = sourcecode.c.objc; name = RTAViewController.m; path = "Services/Accident - Work Claims/Road Traffic Accident/RTA Questionnaire/RTAViewController.m"; sourceTree = SOURCE_ROOT; };
		91CBFAA01A2349EB00F51CAF /* RTAViewController.xib */ = {isa = PBXFileReference; fileEncoding = 4; lastKnownFileType = file.xib; name = RTAViewController.xib; path = "Services/Accident - Work Claims/Road Traffic Accident/RTA Questionnaire/RTAViewController.xib"; sourceTree = SOURCE_ROOT; };
		91CBFAA31A234C9C00F51CAF /* BPViewController.h */ = {isa = PBXFileReference; fileEncoding = 4; lastKnownFileType = sourcecode.c.h; name = BPViewController.h; path = "Services/Accident - Work Claims/Breathing Problems/BP Questionnaire/BPViewController.h"; sourceTree = SOURCE_ROOT; };
		91CBFAA41A234C9C00F51CAF /* BPViewController.m */ = {isa = PBXFileReference; fileEncoding = 4; lastKnownFileType = sourcecode.c.objc; name = BPViewController.m; path = "Services/Accident - Work Claims/Breathing Problems/BP Questionnaire/BPViewController.m"; sourceTree = SOURCE_ROOT; };
		91CBFAA51A234C9C00F51CAF /* BPViewController.xib */ = {isa = PBXFileReference; fileEncoding = 4; lastKnownFileType = file.xib; name = BPViewController.xib; path = "Services/Accident - Work Claims/Breathing Problems/BP Questionnaire/BPViewController.xib"; sourceTree = SOURCE_ROOT; };
		91FABB5919C2EA9F0098C340 /* AdminViewController.h */ = {isa = PBXFileReference; fileEncoding = 4; lastKnownFileType = sourcecode.c.h; path = AdminViewController.h; sourceTree = "<group>"; };
		91FABB5A19C2EA9F0098C340 /* AdminViewController.m */ = {isa = PBXFileReference; fileEncoding = 4; lastKnownFileType = sourcecode.c.objc; path = AdminViewController.m; sourceTree = "<group>"; };
		91FABB5B19C2EA9F0098C340 /* AdminViewController.xib */ = {isa = PBXFileReference; fileEncoding = 4; lastKnownFileType = file.xib; path = AdminViewController.xib; sourceTree = "<group>"; };
/* End PBXFileReference section */

/* Begin PBXFrameworksBuildPhase section */
		91A329FE19C035C400D1553C /* Frameworks */ = {
			isa = PBXFrameworksBuildPhase;
			buildActionMask = 2147483647;
			files = (
				91A32A3A19C0362700D1553C /* CoreData.framework in Frameworks */,
				91A32A0719C035C400D1553C /* CoreGraphics.framework in Frameworks */,
				91A32A0919C035C400D1553C /* UIKit.framework in Frameworks */,
				91A32A0519C035C400D1553C /* Foundation.framework in Frameworks */,
			);
			runOnlyForDeploymentPostprocessing = 0;
		};
		91A32A1F19C035C400D1553C /* Frameworks */ = {
			isa = PBXFrameworksBuildPhase;
			buildActionMask = 2147483647;
			files = (
				91A32A2419C035C400D1553C /* XCTest.framework in Frameworks */,
				91A32A2619C035C400D1553C /* UIKit.framework in Frameworks */,
				91A32A2519C035C400D1553C /* Foundation.framework in Frameworks */,
			);
			runOnlyForDeploymentPostprocessing = 0;
		};
/* End PBXFrameworksBuildPhase section */

/* Begin PBXGroup section */
		5483D55E19C61EAF0084BE08 /* IND Employment History */ = {
			isa = PBXGroup;
			children = (
				5483D55F19C61F250084BE08 /* INDEmpViewController.h */,
				5483D56019C61F250084BE08 /* INDEmpViewController.m */,
				5483D56119C61F250084BE08 /* INDEmpViewController.xib */,
			);
			path = "IND Employment History";
			sourceTree = "<group>";
		};
		91466B3D1A1F3E5600165716 /* Industrial Deafness */ = {
			isa = PBXGroup;
			children = (
				91A32A3D19C0373E00D1553C /* IND Questionnaire */,
				5483D55E19C61EAF0084BE08 /* IND Employment History */,
			);
			path = "Industrial Deafness";
			sourceTree = "<group>";
		};
		91466B3E1A1F3F0C00165716 /* Vibration White Finger */ = {
			isa = PBXGroup;
			children = (
				91466B521A1F5D1100165716 /* VWF Questionnaire */,
			);
			path = "Vibration White Finger";
			sourceTree = "<group>";
		};
		91466B3F1A1F513600165716 /* Asbestosis */ = {
			isa = PBXGroup;
			children = (
				91466B4F1A1F5CE200165716 /* ASB Questionnaire */,
			);
			path = Asbestosis;
			sourceTree = "<group>";
		};
		91466B401A1F515500165716 /* Accident At Work */ = {
			isa = PBXGroup;
			children = (
				91466B501A1F5CF400165716 /* AAW Questionnaire */,
			);
			path = "Accident At Work";
			sourceTree = "<group>";
		};
		91466B411A1F516400165716 /* Road Traffic Accident */ = {
			isa = PBXGroup;
			children = (
				91466B511A1F5D0300165716 /* RTA Questionnaire */,
			);
			path = "Road Traffic Accident";
			sourceTree = "<group>";
		};
		91466B421A1F517900165716 /* Breathing Problems */ = {
			isa = PBXGroup;
			children = (
				91466B531A1F5D2600165716 /* BP Questionnaire */,
			);
			path = "Breathing Problems";
			sourceTree = "<group>";
		};
		91466B431A1F519100165716 /* Accident: Work Claims */ = {
			isa = PBXGroup;
			children = (
				91466B3D1A1F3E5600165716 /* Industrial Deafness */,
				91466B3F1A1F513600165716 /* Asbestosis */,
				91466B401A1F515500165716 /* Accident At Work */,
				91466B411A1F516400165716 /* Road Traffic Accident */,
				91466B3E1A1F3F0C00165716 /* Vibration White Finger */,
				91466B421A1F517900165716 /* Breathing Problems */,
			);
			name = "Accident: Work Claims";
			path = "Accident - Work Claims";
			sourceTree = "<group>";
		};
		91466B441A1F51C300165716 /* Financial Mis-selling */ = {
			isa = PBXGroup;
			children = (
				91466B471A1F55C300165716 /* PPI */,
				91466B481A1F55CA00165716 /* Mis-sold Loans/Mortgages */,
				91466B491A1F55E200165716 /* Packaged Bank Accounts */,
				91466B4A1A1F55EB00165716 /* Mis-sold Pension */,
				91466B4B1A1F55F600165716 /* Reclaim Care Fees */,
			);
			path = "Financial Mis-selling";
			sourceTree = "<group>";
		};
		91466B451A1F51DE00165716 /* General Legal Services */ = {
			isa = PBXGroup;
			children = (
				91466B4C1A1F563B00165716 /* Wills & Probate */,
				91466B4D1A1F564400165716 /* Conveyancing */,
				91466B4E1A1F564D00165716 /* Other */,
			);
			path = "General Legal Services";
			sourceTree = "<group>";
		};
		91466B471A1F55C300165716 /* PPI */ = {
			isa = PBXGroup;
			children = (
				91466B541A1F5D5D00165716 /* PPI Questionnaire */,
			);
			path = PPI;
			sourceTree = "<group>";
		};
		91466B481A1F55CA00165716 /* Mis-sold Loans/Mortgages */ = {
			isa = PBXGroup;
			children = (
				91466B551A1F5D7100165716 /* MSLM Questionnaire */,
			);
			name = "Mis-sold Loans/Mortgages";
			path = "Mis-sold Loans:Mortgages";
			sourceTree = "<group>";
		};
		91466B491A1F55E200165716 /* Packaged Bank Accounts */ = {
			isa = PBXGroup;
			children = (
				91466B561A1F5D7E00165716 /* PBA Questionnaire */,
			);
			path = "Packaged Bank Accounts";
			sourceTree = "<group>";
		};
		91466B4A1A1F55EB00165716 /* Mis-sold Pension */ = {
			isa = PBXGroup;
			children = (
				91466B571A1F5D8D00165716 /* MSP Questionnaire */,
			);
			name = "Mis-sold Pension";
			path = "Mid-sold Pension";
			sourceTree = "<group>";
		};
		91466B4B1A1F55F600165716 /* Reclaim Care Fees */ = {
			isa = PBXGroup;
			children = (
				91466B581A1F5D9B00165716 /* RCF Questionnaire */,
			);
			path = "Reclaim Care Fees";
			sourceTree = "<group>";
		};
		91466B4C1A1F563B00165716 /* Wills & Probate */ = {
			isa = PBXGroup;
			children = (
				91466B591A1F5E3D00165716 /* WP Questionnaire */,
			);
			path = "Wills & Probate";
			sourceTree = "<group>";
		};
		91466B4D1A1F564400165716 /* Conveyancing */ = {
			isa = PBXGroup;
			children = (
				91466B5A1A1F5E4500165716 /* CONV Questionnaire */,
			);
			path = Conveyancing;
			sourceTree = "<group>";
		};
		91466B4E1A1F564D00165716 /* Other */ = {
			isa = PBXGroup;
			children = (
				91466B5B1A1F5E4D00165716 /* OTHER Questionnaire */,
			);
			path = Other;
			sourceTree = "<group>";
		};
		91466B4F1A1F5CE200165716 /* ASB Questionnaire */ = {
			isa = PBXGroup;
			children = (
				91CBFA931A233D7F00F51CAF /* ASBViewController.h */,
				91CBFA941A233D7F00F51CAF /* ASBViewController.m */,
				91CBFA951A233D7F00F51CAF /* ASBViewController.xib */,
			);
			name = "ASB Questionnaire";
			path = "Asbestosis/ASB Questionnaire";
			sourceTree = "<group>";
		};
		91466B501A1F5CF400165716 /* AAW Questionnaire */ = {
			isa = PBXGroup;
			children = (
				91CBFA981A23456E00F51CAF /* AAWViewController.h */,
				91CBFA991A23456E00F51CAF /* AAWViewController.m */,
				91CBFA9A1A23456E00F51CAF /* AAWViewController.xib */,
			);
			name = "AAW Questionnaire";
			path = "Accident At Work/AAW Questionnaire";
			sourceTree = "<group>";
		};
		91466B511A1F5D0300165716 /* RTA Questionnaire */ = {
			isa = PBXGroup;
			children = (
				91CBFA9E1A2349EB00F51CAF /* RTAViewController.h */,
				91CBFA9F1A2349EB00F51CAF /* RTAViewController.m */,
				91CBFAA01A2349EB00F51CAF /* RTAViewController.xib */,
			);
			name = "RTA Questionnaire";
			path = "Road Traffic Accident/RTA Questionnaire";
			sourceTree = "<group>";
		};
		91466B521A1F5D1100165716 /* VWF Questionnaire */ = {
			isa = PBXGroup;
			children = (
				91466B611A1F760900165716 /* VWFViewController.h */,
				91466B621A1F760900165716 /* VWFViewController.m */,
				91466B631A1F760900165716 /* VWFViewController.xib */,
			);
			name = "VWF Questionnaire";
			path = "Vibration White Finger/VWF Questionnaire";
			sourceTree = "<group>";
		};
		91466B531A1F5D2600165716 /* BP Questionnaire */ = {
			isa = PBXGroup;
			children = (
				91CBFAA31A234C9C00F51CAF /* BPViewController.h */,
				91CBFAA41A234C9C00F51CAF /* BPViewController.m */,
				91CBFAA51A234C9C00F51CAF /* BPViewController.xib */,
			);
			name = "BP Questionnaire";
			path = "Breathing Problems/BP Questionnaire";
			sourceTree = "<group>";
		};
		91466B541A1F5D5D00165716 /* PPI Questionnaire */ = {
			isa = PBXGroup;
			children = (
				9125BEB11A28C68600AC22E7 /* PPIViewController.h */,
				9125BEB21A28C68600AC22E7 /* PPIViewController.m */,
				9125BEB31A28C68600AC22E7 /* PPIViewController.xib */,
			);
			name = "PPI Questionnaire";
			path = "Financial Mis-selling/PPI/PPI Questionnaire";
			sourceTree = "<group>";
		};
		91466B551A1F5D7100165716 /* MSLM Questionnaire */ = {
			isa = PBXGroup;
			children = (
				9125BEBB1A28C7DE00AC22E7 /* MSLMViewController.h */,
				9125BEBC1A28C7DE00AC22E7 /* MSLMViewController.m */,
				9125BEBD1A28C7DE00AC22E7 /* MSLMViewController.xib */,
			);
			name = "MSLM Questionnaire";
			path = "Financial Mis-selling/Mis-sold Loans:Mortgages/MSLM Questionnaire";
			sourceTree = "<group>";
		};
		91466B561A1F5D7E00165716 /* PBA Questionnaire */ = {
			isa = PBXGroup;
			children = (
				9125BEC01A28CA1100AC22E7 /* PBAViewController.h */,
				9125BEC11A28CA1100AC22E7 /* PBAViewController.m */,
				9125BEC21A28CA1100AC22E7 /* PBAViewController.xib */,
			);
			name = "PBA Questionnaire";
			path = "Financial Mis-selling/Packaged Bank Accounts/PBA Questionnaire";
			sourceTree = "<group>";
		};
		91466B571A1F5D8D00165716 /* MSP Questionnaire */ = {
			isa = PBXGroup;
			children = (
				9125BEC51A28CB6600AC22E7 /* MSPViewController.h */,
				9125BEC61A28CB6600AC22E7 /* MSPViewController.m */,
				9125BEC71A28CB6600AC22E7 /* MSPViewController.xib */,
			);
			name = "MSP Questionnaire";
			path = "Financial Mis-selling/Mid-sold Pension/MSP Questionnaire";
			sourceTree = "<group>";
		};
		91466B581A1F5D9B00165716 /* RCF Questionnaire */ = {
			isa = PBXGroup;
			children = (
				9125BECA1A28CC6B00AC22E7 /* RCFViewController.h */,
				9125BECB1A28CC6B00AC22E7 /* RCFViewController.m */,
				9125BECC1A28CC6B00AC22E7 /* RCFViewController.xib */,
			);
			name = "RCF Questionnaire";
			path = "Financial Mis-selling/Reclaim Care Fees/RCF Questionnaire";
			sourceTree = "<group>";
		};
		91466B591A1F5E3D00165716 /* WP Questionnaire */ = {
			isa = PBXGroup;
			children = (
				9125BECF1A28CD8800AC22E7 /* WPViewController.h */,
				9125BED01A28CD8800AC22E7 /* WPViewController.m */,
				9125BED11A28CD8800AC22E7 /* WPViewController.xib */,
			);
			path = "WP Questionnaire";
			sourceTree = "<group>";
		};
		91466B5A1A1F5E4500165716 /* CONV Questionnaire */ = {
			isa = PBXGroup;
			children = (
				9125BED41A28CEC500AC22E7 /* CONVViewController.h */,
				9125BED51A28CEC500AC22E7 /* CONVViewController.m */,
				9125BED61A28CEC500AC22E7 /* CONVViewController.xib */,
			);
			path = "CONV Questionnaire";
			sourceTree = "<group>";
		};
		91466B5B1A1F5E4D00165716 /* OTHER Questionnaire */ = {
			isa = PBXGroup;
			children = (
			);
			path = "OTHER Questionnaire";
			sourceTree = "<group>";
		};
		918D1FE319F7B8CF00FEE5A3 /* Subclasses */ = {
			isa = PBXGroup;
			children = (
				910DA6DC19ED21530051D608 /* DisableTextMenu.h */,
				910DA6DD19ED21530051D608 /* DisableTextMenu.m */,
				910DA6E319F142140051D608 /* NumbersOnly.h */,
				910DA6E419F142140051D608 /* NumbersOnly.m */,
				918D1FE419FFF59100FEE5A3 /* LettersOnly.h */,
				918D1FE519FFF59100FEE5A3 /* LettersOnly.m */,
				91B07FA819F667D500D633FA /* AcceptedCharacters.h */,
				91B07FA919F667D500D633FA /* AcceptedCharacters.m */,
				91466B681A2330A500165716 /* AcceptedCharactersTextView.h */,
				91466B691A2330A500165716 /* AcceptedCharactersTextView.m */,
				918D1FDD19F7A11F00FEE5A3 /* PostcodeField.h */,
				918D1FDE19F7A11F00FEE5A3 /* PostcodeField.m */,
				918D1FE71A00DDF100FEE5A3 /* NINumber.h */,
				918D1FE81A00DDF100FEE5A3 /* NINumber.m */,
				918D1FEA1A08D05800FEE5A3 /* EmaiField.h */,
				918D1FEB1A08D05800FEE5A3 /* EmaiField.m */,
				918D1FE019F7A3C300FEE5A3 /* PhoneNumber.h */,
				918D1FE119F7A3C300FEE5A3 /* PhoneNumber.m */,
				910DA6F819F15F860051D608 /* SegmentControl.h */,
				910DA6F919F15F860051D608 /* SegmentControl.m */,
			);
			path = Subclasses;
			sourceTree = "<group>";
		};
		91A329F819C035C400D1553C = {
			isa = PBXGroup;
			children = (
				91A32A3F19C0376900D1553C /* Model */,
				91A32A3E19C0375C00D1553C /* Services */,
				91A32A3C19C0373600D1553C /* Client Details */,
				91A32A3B19C0372600D1553C /* Control Screen */,
				91A32A0A19C035C400D1553C /* NGLS */,
				91A32A2919C035C400D1553C /* NGLSTests */,
				91A32A0319C035C400D1553C /* Frameworks */,
				91A32A0219C035C400D1553C /* Products */,
			);
			sourceTree = "<group>";
		};
		91A32A0219C035C400D1553C /* Products */ = {
			isa = PBXGroup;
			children = (
				91A32A0119C035C400D1553C /* NGLS.app */,
				91A32A2219C035C400D1553C /* NGLSTests.xctest */,
			);
			name = Products;
			sourceTree = "<group>";
		};
		91A32A0319C035C400D1553C /* Frameworks */ = {
			isa = PBXGroup;
			children = (
				91A32A3919C0362700D1553C /* CoreData.framework */,
				91A32A0419C035C400D1553C /* Foundation.framework */,
				91A32A0619C035C400D1553C /* CoreGraphics.framework */,
				91A32A0819C035C400D1553C /* UIKit.framework */,
				91A32A2319C035C400D1553C /* XCTest.framework */,
			);
			name = Frameworks;
			sourceTree = "<group>";
		};
		91A32A0A19C035C400D1553C /* NGLS */ = {
			isa = PBXGroup;
			children = (
				91A32A1319C035C400D1553C /* NGLSAppDelegate.h */,
				91A32A1419C035C400D1553C /* NGLSAppDelegate.m */,
				91A32A1619C035C400D1553C /* Main.storyboard */,
				91A32A1919C035C400D1553C /* NGLSViewController.h */,
				91A32A1A19C035C400D1553C /* NGLSViewController.m */,
				91A32A1C19C035C400D1553C /* Images.xcassets */,
				91A32A0B19C035C400D1553C /* Supporting Files */,
			);
			path = NGLS;
			sourceTree = "<group>";
		};
		91A32A0B19C035C400D1553C /* Supporting Files */ = {
			isa = PBXGroup;
			children = (
				918D1FE319F7B8CF00FEE5A3 /* Subclasses */,
				91A32A4C19C04E8E00D1553C /* CHCSVParser.h */,
				91A32A4D19C04E8E00D1553C /* CHCSVParser.m */,
				91A32A4619C03F1100D1553C /* Images */,
				91A32A0C19C035C400D1553C /* NGLS-Info.plist */,
				91A32A0D19C035C400D1553C /* InfoPlist.strings */,
				91A32A1019C035C400D1553C /* main.m */,
				91A32A1219C035C400D1553C /* NGLS-Prefix.pch */,
			);
			name = "Supporting Files";
			sourceTree = "<group>";
		};
		91A32A2919C035C400D1553C /* NGLSTests */ = {
			isa = PBXGroup;
			children = (
				91A32A2F19C035C400D1553C /* NGLSTests.m */,
				91A32A2A19C035C400D1553C /* Supporting Files */,
			);
			path = NGLSTests;
			sourceTree = "<group>";
		};
		91A32A2A19C035C400D1553C /* Supporting Files */ = {
			isa = PBXGroup;
			children = (
				91A32A2B19C035C400D1553C /* NGLSTests-Info.plist */,
				91A32A2C19C035C400D1553C /* InfoPlist.strings */,
			);
			name = "Supporting Files";
			sourceTree = "<group>";
		};
		91A32A3B19C0372600D1553C /* Control Screen */ = {
			isa = PBXGroup;
			children = (
				91FABB5919C2EA9F0098C340 /* AdminViewController.h */,
				91FABB5A19C2EA9F0098C340 /* AdminViewController.m */,
				91FABB5B19C2EA9F0098C340 /* AdminViewController.xib */,
			);
			path = "Control Screen";
			sourceTree = "<group>";
		};
		91A32A3C19C0373600D1553C /* Client Details */ = {
			isa = PBXGroup;
			children = (
				91A32A4F19C04F3400D1553C /* ClientViewController.h */,
				91A32A5019C04F3400D1553C /* ClientViewController.m */,
				91A32A5119C04F3400D1553C /* ClientViewController.xib */,
			);
			path = "Client Details";
			sourceTree = "<group>";
		};
		91A32A3D19C0373E00D1553C /* IND Questionnaire */ = {
			isa = PBXGroup;
			children = (
				91C8F26F19C1A59900318FB8 /* INDViewController.h */,
				91C8F27019C1A59900318FB8 /* INDViewController.m */,
				91C8F27119C1A59900318FB8 /* INDViewController.xib */,
			);
			path = "IND Questionnaire";
			sourceTree = "<group>";
		};
		91A32A3E19C0375C00D1553C /* Services */ = {
			isa = PBXGroup;
			children = (
				91C8F27419C1E58A00318FB8 /* ServicesViewController.h */,
				91C8F27519C1E58A00318FB8 /* ServicesViewController.m */,
				91C8F27619C1E58A00318FB8 /* ServicesViewController.xib */,
				91466B431A1F519100165716 /* Accident: Work Claims */,
				91466B441A1F51C300165716 /* Financial Mis-selling */,
				91466B451A1F51DE00165716 /* General Legal Services */,
			);
			path = Services;
			sourceTree = "<group>";
		};
		91A32A3F19C0376900D1553C /* Model */ = {
			isa = PBXGroup;
			children = (
				91A32A4019C0377500D1553C /* Model.xcdatamodeld */,
				91A32A4919C04C0700D1553C /* Model.h */,
				91A32A4A19C04C0700D1553C /* Model.m */,
			);
			name = Model;
			sourceTree = "<group>";
		};
		91A32A4619C03F1100D1553C /* Images */ = {
			isa = PBXGroup;
			children = (
				91466B661A1F86BC00165716 /* QuestionBox.png */,
				910DA6B819E6CD860051D608 /* Background.png */,
				910DA6DA19ED14580051D608 /* ID Card.png */,
				910DA6F319F15AC40051D608 /* Button.png */,
				910DA6EE19F1537E0051D608 /* Button Long.png */,
				910DA6B619E6CD820051D608 /* Launch-Screen.png */,
				910DA6B019E6BD150051D608 /* NGLS Logo Final.png */,
			);
			path = Images;
			sourceTree = "<group>";
		};
/* End PBXGroup section */

/* Begin PBXNativeTarget section */
		91A32A0019C035C400D1553C /* NGLS */ = {
			isa = PBXNativeTarget;
			buildConfigurationList = 91A32A3319C035C400D1553C /* Build configuration list for PBXNativeTarget "NGLS" */;
			buildPhases = (
				91A329FD19C035C400D1553C /* Sources */,
				91A329FE19C035C400D1553C /* Frameworks */,
				91A329FF19C035C400D1553C /* Resources */,
			);
			buildRules = (
			);
			dependencies = (
			);
			name = NGLS;
			productName = NGLS;
			productReference = 91A32A0119C035C400D1553C /* NGLS.app */;
			productType = "com.apple.product-type.application";
		};
		91A32A2119C035C400D1553C /* NGLSTests */ = {
			isa = PBXNativeTarget;
			buildConfigurationList = 91A32A3619C035C400D1553C /* Build configuration list for PBXNativeTarget "NGLSTests" */;
			buildPhases = (
				91A32A1E19C035C400D1553C /* Sources */,
				91A32A1F19C035C400D1553C /* Frameworks */,
				91A32A2019C035C400D1553C /* Resources */,
			);
			buildRules = (
			);
			dependencies = (
				91A32A2819C035C400D1553C /* PBXTargetDependency */,
			);
			name = NGLSTests;
			productName = NGLSTests;
			productReference = 91A32A2219C035C400D1553C /* NGLSTests.xctest */;
			productType = "com.apple.product-type.bundle.unit-test";
		};
/* End PBXNativeTarget section */

/* Begin PBXProject section */
		91A329F919C035C400D1553C /* Project object */ = {
			isa = PBXProject;
			attributes = {
				CLASSPREFIX = NGLS;
				LastUpgradeCheck = 0510;
				ORGANIZATIONNAME = "Next Generation Legal Services";
				TargetAttributes = {
					91A32A0019C035C400D1553C = {
						DevelopmentTeam = 8HY3FGJ4CM;
						SystemCapabilities = {
							com.apple.DataProtection = {
								enabled = 0;
							};
						};
					};
					91A32A2119C035C400D1553C = {
						TestTargetID = 91A32A0019C035C400D1553C;
					};
				};
			};
			buildConfigurationList = 91A329FC19C035C400D1553C /* Build configuration list for PBXProject "NGLS" */;
			compatibilityVersion = "Xcode 3.2";
			developmentRegion = English;
			hasScannedForEncodings = 0;
			knownRegions = (
				en,
				Base,
			);
			mainGroup = 91A329F819C035C400D1553C;
			productRefGroup = 91A32A0219C035C400D1553C /* Products */;
			projectDirPath = "";
			projectRoot = "";
			targets = (
				91A32A0019C035C400D1553C /* NGLS */,
				91A32A2119C035C400D1553C /* NGLSTests */,
			);
		};
/* End PBXProject section */

/* Begin PBXResourcesBuildPhase section */
		91A329FF19C035C400D1553C /* Resources */ = {
			isa = PBXResourcesBuildPhase;
			buildActionMask = 2147483647;
			files = (
				910DA6B719E6CD820051D608 /* Launch-Screen.png in Resources */,
				9125BED81A28CEC500AC22E7 /* CONVViewController.xib in Resources */,
				910DA6DB19ED14580051D608 /* ID Card.png in Resources */,
				91466B651A1F760900165716 /* VWFViewController.xib in Resources */,
				91466B671A1F86BC00165716 /* QuestionBox.png in Resources */,
				91CBFAA21A2349EB00F51CAF /* RTAViewController.xib in Resources */,
				9125BEC91A28CB6600AC22E7 /* MSPViewController.xib in Resources */,
				91FABB5D19C2EA9F0098C340 /* AdminViewController.xib in Resources */,
				9125BED31A28CD8800AC22E7 /* WPViewController.xib in Resources */,
				91CBFAA71A234C9C00F51CAF /* BPViewController.xib in Resources */,
				9125BEBF1A28C7DE00AC22E7 /* MSLMViewController.xib in Resources */,
				5483D56319C61F250084BE08 /* INDEmpViewController.xib in Resources */,
				91A32A5319C04F3400D1553C /* ClientViewController.xib in Resources */,
				910DA6B919E6CD860051D608 /* Background.png in Resources */,
				91A32A1D19C035C400D1553C /* Images.xcassets in Resources */,
				910DA6B119E6BD150051D608 /* NGLS Logo Final.png in Resources */,
				910DA6EF19F1537E0051D608 /* Button Long.png in Resources */,
				91C8F27319C1A59900318FB8 /* INDViewController.xib in Resources */,
				9125BECE1A28CC6B00AC22E7 /* RCFViewController.xib in Resources */,
				91A32A0F19C035C400D1553C /* InfoPlist.strings in Resources */,
				9125BEB51A28C68600AC22E7 /* PPIViewController.xib in Resources */,
				910DA6F419F15AC40051D608 /* Button.png in Resources */,
				9125BEC41A28CA1100AC22E7 /* PBAViewController.xib in Resources */,
				91CBFA9C1A23456E00F51CAF /* AAWViewController.xib in Resources */,
				91A32A1819C035C400D1553C /* Main.storyboard in Resources */,
				91CBFA971A233D7F00F51CAF /* ASBViewController.xib in Resources */,
				91C8F27819C1E58A00318FB8 /* ServicesViewController.xib in Resources */,
			);
			runOnlyForDeploymentPostprocessing = 0;
		};
		91A32A2019C035C400D1553C /* Resources */ = {
			isa = PBXResourcesBuildPhase;
			buildActionMask = 2147483647;
			files = (
				91A32A2E19C035C400D1553C /* InfoPlist.strings in Resources */,
			);
			runOnlyForDeploymentPostprocessing = 0;
		};
/* End PBXResourcesBuildPhase section */

/* Begin PBXSourcesBuildPhase section */
		91A329FD19C035C400D1553C /* Sources */ = {
			isa = PBXSourcesBuildPhase;
			buildActionMask = 2147483647;
			files = (
				91A32A1519C035C400D1553C /* NGLSAppDelegate.m in Sources */,
				918D1FE91A00DDF100FEE5A3 /* NINumber.m in Sources */,
				918D1FEC1A08D05800FEE5A3 /* EmaiField.m in Sources */,
				91A32A1B19C035C400D1553C /* NGLSViewController.m in Sources */,
				91466B641A1F760900165716 /* VWFViewController.m in Sources */,
				9125BECD1A28CC6B00AC22E7 /* RCFViewController.m in Sources */,
				910DA6E519F142140051D608 /* NumbersOnly.m in Sources */,
				91CBFA9B1A23456E00F51CAF /* AAWViewController.m in Sources */,
				91FABB5C19C2EA9F0098C340 /* AdminViewController.m in Sources */,
				9125BEB41A28C68600AC22E7 /* PPIViewController.m in Sources */,
				91CBFAA11A2349EB00F51CAF /* RTAViewController.m in Sources */,
				91CBFA961A233D7F00F51CAF /* ASBViewController.m in Sources */,
				91A32A4E19C04E8E00D1553C /* CHCSVParser.m in Sources */,
				9125BEC31A28CA1100AC22E7 /* PBAViewController.m in Sources */,
				91A32A1119C035C400D1553C /* main.m in Sources */,
				918D1FDF19F7A11F00FEE5A3 /* PostcodeField.m in Sources */,
				91A32A4219C0377500D1553C /* Model.xcdatamodeld in Sources */,
				910DA6DE19ED21530051D608 /* DisableTextMenu.m in Sources */,
				91B07FAA19F667D500D633FA /* AcceptedCharacters.m in Sources */,
				9125BED21A28CD8800AC22E7 /* WPViewController.m in Sources */,
				91CBFAA61A234C9C00F51CAF /* BPViewController.m in Sources */,
				91A32A5219C04F3400D1553C /* ClientViewController.m in Sources */,
				5483D56219C61F250084BE08 /* INDEmpViewController.m in Sources */,
				91A32A4B19C04C0700D1553C /* Model.m in Sources */,
				918D1FE219F7A3C300FEE5A3 /* PhoneNumber.m in Sources */,
				910DA6FA19F15F860051D608 /* SegmentControl.m in Sources */,
				91466B6A1A2330A500165716 /* AcceptedCharactersTextView.m in Sources */,
				9125BEC81A28CB6600AC22E7 /* MSPViewController.m in Sources */,
				9125BED71A28CEC500AC22E7 /* CONVViewController.m in Sources */,
				918D1FE619FFF59100FEE5A3 /* LettersOnly.m in Sources */,
				91C8F27719C1E58A00318FB8 /* ServicesViewController.m in Sources */,
				91C8F27219C1A59900318FB8 /* INDViewController.m in Sources */,
				9125BEBE1A28C7DE00AC22E7 /* MSLMViewController.m in Sources */,
			);
			runOnlyForDeploymentPostprocessing = 0;
		};
		91A32A1E19C035C400D1553C /* Sources */ = {
			isa = PBXSourcesBuildPhase;
			buildActionMask = 2147483647;
			files = (
				91A32A3019C035C400D1553C /* NGLSTests.m in Sources */,
			);
			runOnlyForDeploymentPostprocessing = 0;
		};
/* End PBXSourcesBuildPhase section */

/* Begin PBXTargetDependency section */
		91A32A2819C035C400D1553C /* PBXTargetDependency */ = {
			isa = PBXTargetDependency;
			target = 91A32A0019C035C400D1553C /* NGLS */;
			targetProxy = 91A32A2719C035C400D1553C /* PBXContainerItemProxy */;
		};
/* End PBXTargetDependency section */

/* Begin PBXVariantGroup section */
		91A32A0D19C035C400D1553C /* InfoPlist.strings */ = {
			isa = PBXVariantGroup;
			children = (
				91A32A0E19C035C400D1553C /* en */,
			);
			name = InfoPlist.strings;
			sourceTree = "<group>";
		};
		91A32A1619C035C400D1553C /* Main.storyboard */ = {
			isa = PBXVariantGroup;
			children = (
				91A32A1719C035C400D1553C /* Base */,
			);
			name = Main.storyboard;
			sourceTree = "<group>";
		};
		91A32A2C19C035C400D1553C /* InfoPlist.strings */ = {
			isa = PBXVariantGroup;
			children = (
				91A32A2D19C035C400D1553C /* en */,
			);
			name = InfoPlist.strings;
			sourceTree = "<group>";
		};
/* End PBXVariantGroup section */

/* Begin XCBuildConfiguration section */
		91A32A3119C035C400D1553C /* Debug */ = {
			isa = XCBuildConfiguration;
			buildSettings = {
				ALWAYS_SEARCH_USER_PATHS = NO;
				CLANG_CXX_LANGUAGE_STANDARD = "gnu++0x";
				CLANG_CXX_LIBRARY = "libc++";
				CLANG_ENABLE_MODULES = YES;
				CLANG_ENABLE_OBJC_ARC = YES;
				CLANG_WARN_BOOL_CONVERSION = YES;
				CLANG_WARN_CONSTANT_CONVERSION = YES;
				CLANG_WARN_DIRECT_OBJC_ISA_USAGE = YES_ERROR;
				CLANG_WARN_EMPTY_BODY = YES;
				CLANG_WARN_ENUM_CONVERSION = YES;
				CLANG_WARN_INT_CONVERSION = YES;
				CLANG_WARN_OBJC_ROOT_CLASS = YES_ERROR;
				CLANG_WARN__DUPLICATE_METHOD_MATCH = YES;
				"CODE_SIGN_IDENTITY[sdk=iphoneos*]" = "iPhone Developer";
				COPY_PHASE_STRIP = NO;
				GCC_C_LANGUAGE_STANDARD = gnu99;
				GCC_DYNAMIC_NO_PIC = NO;
				GCC_OPTIMIZATION_LEVEL = 0;
				GCC_PREPROCESSOR_DEFINITIONS = (
					"DEBUG=1",
					"$(inherited)",
				);
				GCC_SYMBOLS_PRIVATE_EXTERN = NO;
				GCC_WARN_64_TO_32_BIT_CONVERSION = YES;
				GCC_WARN_ABOUT_RETURN_TYPE = YES_ERROR;
				GCC_WARN_UNDECLARED_SELECTOR = YES;
				GCC_WARN_UNINITIALIZED_AUTOS = YES_AGGRESSIVE;
				GCC_WARN_UNUSED_FUNCTION = YES;
				GCC_WARN_UNUSED_VARIABLE = YES;
				IPHONEOS_DEPLOYMENT_TARGET = 7.1;
				ONLY_ACTIVE_ARCH = YES;
				SDKROOT = iphoneos;
				TARGETED_DEVICE_FAMILY = 2;
			};
			name = Debug;
		};
		91A32A3219C035C400D1553C /* Release */ = {
			isa = XCBuildConfiguration;
			buildSettings = {
				ALWAYS_SEARCH_USER_PATHS = NO;
				CLANG_CXX_LANGUAGE_STANDARD = "gnu++0x";
				CLANG_CXX_LIBRARY = "libc++";
				CLANG_ENABLE_MODULES = YES;
				CLANG_ENABLE_OBJC_ARC = YES;
				CLANG_WARN_BOOL_CONVERSION = YES;
				CLANG_WARN_CONSTANT_CONVERSION = YES;
				CLANG_WARN_DIRECT_OBJC_ISA_USAGE = YES_ERROR;
				CLANG_WARN_EMPTY_BODY = YES;
				CLANG_WARN_ENUM_CONVERSION = YES;
				CLANG_WARN_INT_CONVERSION = YES;
				CLANG_WARN_OBJC_ROOT_CLASS = YES_ERROR;
				CLANG_WARN__DUPLICATE_METHOD_MATCH = YES;
				"CODE_SIGN_IDENTITY[sdk=iphoneos*]" = "iPhone Developer";
				COPY_PHASE_STRIP = YES;
				ENABLE_NS_ASSERTIONS = NO;
				GCC_C_LANGUAGE_STANDARD = gnu99;
				GCC_WARN_64_TO_32_BIT_CONVERSION = YES;
				GCC_WARN_ABOUT_RETURN_TYPE = YES_ERROR;
				GCC_WARN_UNDECLARED_SELECTOR = YES;
				GCC_WARN_UNINITIALIZED_AUTOS = YES_AGGRESSIVE;
				GCC_WARN_UNUSED_FUNCTION = YES;
				GCC_WARN_UNUSED_VARIABLE = YES;
				IPHONEOS_DEPLOYMENT_TARGET = 7.1;
				SDKROOT = iphoneos;
				TARGETED_DEVICE_FAMILY = 2;
				VALIDATE_PRODUCT = YES;
			};
			name = Release;
		};
		91A32A3419C035C400D1553C /* Debug */ = {
			isa = XCBuildConfiguration;
			buildSettings = {
				ASSETCATALOG_COMPILER_APPICON_NAME = AppIcon;
				ASSETCATALOG_COMPILER_LAUNCHIMAGE_NAME = LaunchImage;
				CODE_SIGN_IDENTITY = "iPhone Developer";
				"CODE_SIGN_IDENTITY[sdk=iphoneos*]" = "iPhone Developer";
				GCC_PRECOMPILE_PREFIX_HEADER = YES;
				GCC_PREFIX_HEADER = "NGLS/NGLS-Prefix.pch";
				INFOPLIST_FILE = "NGLS/NGLS-Info.plist";
				IPHONEOS_DEPLOYMENT_TARGET = 7.1;
				PRODUCT_NAME = "$(TARGET_NAME)";
				PROVISIONING_PROFILE = "";
				TARGETED_DEVICE_FAMILY = 2;
				WRAPPER_EXTENSION = app;
			};
			name = Debug;
		};
		91A32A3519C035C400D1553C /* Release */ = {
			isa = XCBuildConfiguration;
			buildSettings = {
				ASSETCATALOG_COMPILER_APPICON_NAME = AppIcon;
				ASSETCATALOG_COMPILER_LAUNCHIMAGE_NAME = LaunchImage;
				CODE_SIGN_IDENTITY = "iPhone Developer";
				"CODE_SIGN_IDENTITY[sdk=iphoneos*]" = "iPhone Developer";
				GCC_PRECOMPILE_PREFIX_HEADER = YES;
				GCC_PREFIX_HEADER = "NGLS/NGLS-Prefix.pch";
				INFOPLIST_FILE = "NGLS/NGLS-Info.plist";
				IPHONEOS_DEPLOYMENT_TARGET = 7.1;
				PRODUCT_NAME = "$(TARGET_NAME)";
				PROVISIONING_PROFILE = "";
				TARGETED_DEVICE_FAMILY = 2;
				WRAPPER_EXTENSION = app;
			};
			name = Release;
		};
		91A32A3719C035C400D1553C /* Debug */ = {
			isa = XCBuildConfiguration;
			buildSettings = {
				BUNDLE_LOADER = "$(BUILT_PRODUCTS_DIR)/NGLS.app/NGLS";
				FRAMEWORK_SEARCH_PATHS = (
					"$(SDKROOT)/Developer/Library/Frameworks",
					"$(inherited)",
					"$(DEVELOPER_FRAMEWORKS_DIR)",
				);
				GCC_PRECOMPILE_PREFIX_HEADER = YES;
				GCC_PREFIX_HEADER = "NGLS/NGLS-Prefix.pch";
				GCC_PREPROCESSOR_DEFINITIONS = (
					"DEBUG=1",
					"$(inherited)",
				);
				INFOPLIST_FILE = "NGLSTests/NGLSTests-Info.plist";
				PRODUCT_NAME = "$(TARGET_NAME)";
				TEST_HOST = "$(BUNDLE_LOADER)";
				WRAPPER_EXTENSION = xctest;
			};
			name = Debug;
		};
		91A32A3819C035C400D1553C /* Release */ = {
			isa = XCBuildConfiguration;
			buildSettings = {
				BUNDLE_LOADER = "$(BUILT_PRODUCTS_DIR)/NGLS.app/NGLS";
				FRAMEWORK_SEARCH_PATHS = (
					"$(SDKROOT)/Developer/Library/Frameworks",
					"$(inherited)",
					"$(DEVELOPER_FRAMEWORKS_DIR)",
				);
				GCC_PRECOMPILE_PREFIX_HEADER = YES;
				GCC_PREFIX_HEADER = "NGLS/NGLS-Prefix.pch";
				INFOPLIST_FILE = "NGLSTests/NGLSTests-Info.plist";
				PRODUCT_NAME = "$(TARGET_NAME)";
				TEST_HOST = "$(BUNDLE_LOADER)";
				WRAPPER_EXTENSION = xctest;
			};
			name = Release;
		};
/* End XCBuildConfiguration section */

/* Begin XCConfigurationList section */
		91A329FC19C035C400D1553C /* Build configuration list for PBXProject "NGLS" */ = {
			isa = XCConfigurationList;
			buildConfigurations = (
				91A32A3119C035C400D1553C /* Debug */,
				91A32A3219C035C400D1553C /* Release */,
			);
			defaultConfigurationIsVisible = 0;
			defaultConfigurationName = Release;
		};
		91A32A3319C035C400D1553C /* Build configuration list for PBXNativeTarget "NGLS" */ = {
			isa = XCConfigurationList;
			buildConfigurations = (
				91A32A3419C035C400D1553C /* Debug */,
				91A32A3519C035C400D1553C /* Release */,
			);
			defaultConfigurationIsVisible = 0;
			defaultConfigurationName = Release;
		};
		91A32A3619C035C400D1553C /* Build configuration list for PBXNativeTarget "NGLSTests" */ = {
			isa = XCConfigurationList;
			buildConfigurations = (
				91A32A3719C035C400D1553C /* Debug */,
				91A32A3819C035C400D1553C /* Release */,
			);
			defaultConfigurationIsVisible = 0;
			defaultConfigurationName = Release;
		};
/* End XCConfigurationList section */

/* Begin XCVersionGroup section */
		91A32A4019C0377500D1553C /* Model.xcdatamodeld */ = {
			isa = XCVersionGroup;
			children = (
				91A32A4119C0377500D1553C /* Model.xcdatamodel */,
			);
			currentVersion = 91A32A4119C0377500D1553C /* Model.xcdatamodel */;
			path = Model.xcdatamodeld;
			sourceTree = "<group>";
			versionGroupType = wrapper.xcdatamodel;
		};
/* End XCVersionGroup section */
	};
	rootObject = 91A329F919C035C400D1553C /* Project object */;
}
